// !$*UTF8*$!
{
	archiveVersion = 1;
	classes = {
	};
	objectVersion = 50;
	objects = {

/* Begin PBXBuildFile section */
		105C5BF524C722F700BDF477 /* WebView.swift in Sources */ = {isa = PBXBuildFile; fileRef = 105C5BF424C722F700BDF477 /* WebView.swift */; };
		10B15CBC24C6F78C00C1E78A /* Extension.swift in Sources */ = {isa = PBXBuildFile; fileRef = 10B15CBB24C6F78C00C1E78A /* Extension.swift */; };
		10B15CC024C6FA2B00C1E78A /* SplatNet2.swift in Sources */ = {isa = PBXBuildFile; fileRef = 10B15CBF24C6FA2B00C1E78A /* SplatNet2.swift */; };
		10B15CC424C6FAA300C1E78A /* Alamofire.framework in Frameworks */ = {isa = PBXBuildFile; fileRef = 10B15CC224C6FAA300C1E78A /* Alamofire.framework */; };
		10B15CC524C6FAA300C1E78A /* Alamofire.framework in Embed Frameworks */ = {isa = PBXBuildFile; fileRef = 10B15CC224C6FAA300C1E78A /* Alamofire.framework */; settings = {ATTRIBUTES = (CodeSignOnCopy, RemoveHeadersOnCopy, ); }; };
		10B15CC624C6FAA300C1E78A /* SwiftyJSON.framework in Frameworks */ = {isa = PBXBuildFile; fileRef = 10B15CC324C6FAA300C1E78A /* SwiftyJSON.framework */; };
		10B15CC724C6FAA300C1E78A /* SwiftyJSON.framework in Embed Frameworks */ = {isa = PBXBuildFile; fileRef = 10B15CC324C6FAA300C1E78A /* SwiftyJSON.framework */; settings = {ATTRIBUTES = (CodeSignOnCopy, RemoveHeadersOnCopy, ); }; };
		10B6364224C662D000A39FD2 /* AppDelegate.swift in Sources */ = {isa = PBXBuildFile; fileRef = 10B6364124C662D000A39FD2 /* AppDelegate.swift */; };
		10B6364424C662D000A39FD2 /* SceneDelegate.swift in Sources */ = {isa = PBXBuildFile; fileRef = 10B6364324C662D000A39FD2 /* SceneDelegate.swift */; };
		10B6364624C662D000A39FD2 /* ContentView.swift in Sources */ = {isa = PBXBuildFile; fileRef = 10B6364524C662D000A39FD2 /* ContentView.swift */; };
		10B6364824C662D200A39FD2 /* Assets.xcassets in Resources */ = {isa = PBXBuildFile; fileRef = 10B6364724C662D200A39FD2 /* Assets.xcassets */; };
		10B6364B24C662D200A39FD2 /* Preview Assets.xcassets in Resources */ = {isa = PBXBuildFile; fileRef = 10B6364A24C662D200A39FD2 /* Preview Assets.xcassets */; };
		10B6364E24C662D200A39FD2 /* LaunchScreen.storyboard in Resources */ = {isa = PBXBuildFile; fileRef = 10B6364C24C662D200A39FD2 /* LaunchScreen.storyboard */; };
		10B6365924C662D200A39FD2 /* Swift_SalmoniaTests.swift in Sources */ = {isa = PBXBuildFile; fileRef = 10B6365824C662D200A39FD2 /* Swift_SalmoniaTests.swift */; };
		10B6366424C662D200A39FD2 /* Swift_SalmoniaUITests.swift in Sources */ = {isa = PBXBuildFile; fileRef = 10B6366324C662D200A39FD2 /* Swift_SalmoniaUITests.swift */; };
/* End PBXBuildFile section */

/* Begin PBXContainerItemProxy section */
		10B6365524C662D200A39FD2 /* PBXContainerItemProxy */ = {
			isa = PBXContainerItemProxy;
			containerPortal = 10B6363624C662D000A39FD2 /* Project object */;
			proxyType = 1;
			remoteGlobalIDString = 10B6363D24C662D000A39FD2;
			remoteInfo = "Swift-Salmonia";
		};
		10B6366024C662D200A39FD2 /* PBXContainerItemProxy */ = {
			isa = PBXContainerItemProxy;
			containerPortal = 10B6363624C662D000A39FD2 /* Project object */;
			proxyType = 1;
			remoteGlobalIDString = 10B6363D24C662D000A39FD2;
			remoteInfo = "Swift-Salmonia";
		};
/* End PBXContainerItemProxy section */

/* Begin PBXCopyFilesBuildPhase section */
		10B15CC824C6FAA300C1E78A /* Embed Frameworks */ = {
			isa = PBXCopyFilesBuildPhase;
			buildActionMask = 2147483647;
			dstPath = "";
			dstSubfolderSpec = 10;
			files = (
				10B15CC724C6FAA300C1E78A /* SwiftyJSON.framework in Embed Frameworks */,
				10B15CC524C6FAA300C1E78A /* Alamofire.framework in Embed Frameworks */,
			);
			name = "Embed Frameworks";
			runOnlyForDeploymentPostprocessing = 0;
		};
/* End PBXCopyFilesBuildPhase section */

/* Begin PBXFileReference section */
		105C5BF424C722F700BDF477 /* WebView.swift */ = {isa = PBXFileReference; lastKnownFileType = sourcecode.swift; path = WebView.swift; sourceTree = "<group>"; };
		10B15CBB24C6F78C00C1E78A /* Extension.swift */ = {isa = PBXFileReference; lastKnownFileType = sourcecode.swift; path = Extension.swift; sourceTree = "<group>"; };
		10B15CBF24C6FA2B00C1E78A /* SplatNet2.swift */ = {isa = PBXFileReference; lastKnownFileType = sourcecode.swift; path = SplatNet2.swift; sourceTree = "<group>"; };
		10B15CC224C6FAA300C1E78A /* Alamofire.framework */ = {isa = PBXFileReference; lastKnownFileType = wrapper.framework; name = Alamofire.framework; path = Carthage/Build/iOS/Alamofire.framework; sourceTree = "<group>"; };
		10B15CC324C6FAA300C1E78A /* SwiftyJSON.framework */ = {isa = PBXFileReference; lastKnownFileType = wrapper.framework; name = SwiftyJSON.framework; path = Carthage/Build/iOS/SwiftyJSON.framework; sourceTree = "<group>"; };
		10B6363E24C662D000A39FD2 /* Salmonia.app */ = {isa = PBXFileReference; explicitFileType = wrapper.application; includeInIndex = 0; path = Salmonia.app; sourceTree = BUILT_PRODUCTS_DIR; };
		10B6364124C662D000A39FD2 /* AppDelegate.swift */ = {isa = PBXFileReference; lastKnownFileType = sourcecode.swift; path = AppDelegate.swift; sourceTree = "<group>"; };
		10B6364324C662D000A39FD2 /* SceneDelegate.swift */ = {isa = PBXFileReference; lastKnownFileType = sourcecode.swift; path = SceneDelegate.swift; sourceTree = "<group>"; };
		10B6364524C662D000A39FD2 /* ContentView.swift */ = {isa = PBXFileReference; lastKnownFileType = sourcecode.swift; path = ContentView.swift; sourceTree = "<group>"; };
		10B6364724C662D200A39FD2 /* Assets.xcassets */ = {isa = PBXFileReference; lastKnownFileType = folder.assetcatalog; path = Assets.xcassets; sourceTree = "<group>"; };
		10B6364A24C662D200A39FD2 /* Preview Assets.xcassets */ = {isa = PBXFileReference; lastKnownFileType = folder.assetcatalog; path = "Preview Assets.xcassets"; sourceTree = "<group>"; };
		10B6364D24C662D200A39FD2 /* Base */ = {isa = PBXFileReference; lastKnownFileType = file.storyboard; name = Base; path = Base.lproj/LaunchScreen.storyboard; sourceTree = "<group>"; };
		10B6364F24C662D200A39FD2 /* Info.plist */ = {isa = PBXFileReference; lastKnownFileType = text.plist.xml; path = Info.plist; sourceTree = "<group>"; };
		10B6365424C662D200A39FD2 /* Swift-SalmoniaTests.xctest */ = {isa = PBXFileReference; explicitFileType = wrapper.cfbundle; includeInIndex = 0; path = "Swift-SalmoniaTests.xctest"; sourceTree = BUILT_PRODUCTS_DIR; };
		10B6365824C662D200A39FD2 /* Swift_SalmoniaTests.swift */ = {isa = PBXFileReference; lastKnownFileType = sourcecode.swift; path = Swift_SalmoniaTests.swift; sourceTree = "<group>"; };
		10B6365A24C662D200A39FD2 /* Info.plist */ = {isa = PBXFileReference; lastKnownFileType = text.plist.xml; path = Info.plist; sourceTree = "<group>"; };
		10B6365F24C662D200A39FD2 /* Swift-SalmoniaUITests.xctest */ = {isa = PBXFileReference; explicitFileType = wrapper.cfbundle; includeInIndex = 0; path = "Swift-SalmoniaUITests.xctest"; sourceTree = BUILT_PRODUCTS_DIR; };
		10B6366324C662D200A39FD2 /* Swift_SalmoniaUITests.swift */ = {isa = PBXFileReference; lastKnownFileType = sourcecode.swift; path = Swift_SalmoniaUITests.swift; sourceTree = "<group>"; };
		10B6366524C662D200A39FD2 /* Info.plist */ = {isa = PBXFileReference; lastKnownFileType = text.plist.xml; path = Info.plist; sourceTree = "<group>"; };
/* End PBXFileReference section */

/* Begin PBXFrameworksBuildPhase section */
		10B6363B24C662D000A39FD2 /* Frameworks */ = {
			isa = PBXFrameworksBuildPhase;
			buildActionMask = 2147483647;
			files = (
				10B15CC624C6FAA300C1E78A /* SwiftyJSON.framework in Frameworks */,
				10B15CC424C6FAA300C1E78A /* Alamofire.framework in Frameworks */,
			);
			runOnlyForDeploymentPostprocessing = 0;
		};
		10B6365124C662D200A39FD2 /* Frameworks */ = {
			isa = PBXFrameworksBuildPhase;
			buildActionMask = 2147483647;
			files = (
			);
			runOnlyForDeploymentPostprocessing = 0;
		};
		10B6365C24C662D200A39FD2 /* Frameworks */ = {
			isa = PBXFrameworksBuildPhase;
			buildActionMask = 2147483647;
			files = (
			);
			runOnlyForDeploymentPostprocessing = 0;
		};
/* End PBXFrameworksBuildPhase section */

/* Begin PBXGroup section */
		10B15CBE24C6FA0300C1E78A /* Assets */ = {
			isa = PBXGroup;
			children = (
				10B15CBB24C6F78C00C1E78A /* Extension.swift */,
				10B15CBF24C6FA2B00C1E78A /* SplatNet2.swift */,
				105C5BF424C722F700BDF477 /* WebView.swift */,
			);
			path = Assets;
			sourceTree = "<group>";
		};
		10B15CC124C6FAA300C1E78A /* Frameworks */ = {
			isa = PBXGroup;
			children = (
				10B15CC224C6FAA300C1E78A /* Alamofire.framework */,
				10B15CC324C6FAA300C1E78A /* SwiftyJSON.framework */,
			);
			name = Frameworks;
			sourceTree = "<group>";
		};
		10B6363524C662D000A39FD2 = {
			isa = PBXGroup;
			children = (
				10B6364024C662D000A39FD2 /* Swift-Salmonia */,
				10B6365724C662D200A39FD2 /* Swift-SalmoniaTests */,
				10B6366224C662D200A39FD2 /* Swift-SalmoniaUITests */,
				10B6363F24C662D000A39FD2 /* Products */,
				10B15CC124C6FAA300C1E78A /* Frameworks */,
			);
			sourceTree = "<group>";
		};
		10B6363F24C662D000A39FD2 /* Products */ = {
			isa = PBXGroup;
			children = (
				10B6363E24C662D000A39FD2 /* Salmonia.app */,
				10B6365424C662D200A39FD2 /* Swift-SalmoniaTests.xctest */,
				10B6365F24C662D200A39FD2 /* Swift-SalmoniaUITests.xctest */,
			);
			name = Products;
			sourceTree = "<group>";
		};
		10B6364024C662D000A39FD2 /* Swift-Salmonia */ = {
			isa = PBXGroup;
			children = (
				10B15CBE24C6FA0300C1E78A /* Assets */,
				10B6364124C662D000A39FD2 /* AppDelegate.swift */,
				10B6364324C662D000A39FD2 /* SceneDelegate.swift */,
				10B6364524C662D000A39FD2 /* ContentView.swift */,
				10B6364724C662D200A39FD2 /* Assets.xcassets */,
				10B6364C24C662D200A39FD2 /* LaunchScreen.storyboard */,
				10B6364F24C662D200A39FD2 /* Info.plist */,
				10B6364924C662D200A39FD2 /* Preview Content */,
			);
			path = "Swift-Salmonia";
			sourceTree = "<group>";
		};
		10B6364924C662D200A39FD2 /* Preview Content */ = {
			isa = PBXGroup;
			children = (
				10B6364A24C662D200A39FD2 /* Preview Assets.xcassets */,
			);
			path = "Preview Content";
			sourceTree = "<group>";
		};
		10B6365724C662D200A39FD2 /* Swift-SalmoniaTests */ = {
			isa = PBXGroup;
			children = (
				10B6365824C662D200A39FD2 /* Swift_SalmoniaTests.swift */,
				10B6365A24C662D200A39FD2 /* Info.plist */,
			);
			path = "Swift-SalmoniaTests";
			sourceTree = "<group>";
		};
		10B6366224C662D200A39FD2 /* Swift-SalmoniaUITests */ = {
			isa = PBXGroup;
			children = (
				10B6366324C662D200A39FD2 /* Swift_SalmoniaUITests.swift */,
				10B6366524C662D200A39FD2 /* Info.plist */,
			);
			path = "Swift-SalmoniaUITests";
			sourceTree = "<group>";
		};
/* End PBXGroup section */

/* Begin PBXNativeTarget section */
		10B6363D24C662D000A39FD2 /* Swift-Salmonia */ = {
			isa = PBXNativeTarget;
			buildConfigurationList = 10B6366824C662D200A39FD2 /* Build configuration list for PBXNativeTarget "Swift-Salmonia" */;
			buildPhases = (
				10B6363A24C662D000A39FD2 /* Sources */,
				10B6363B24C662D000A39FD2 /* Frameworks */,
				10B6363C24C662D000A39FD2 /* Resources */,
				10B15CBD24C6F9C500C1E78A /* ShellScript */,
				10B15CC824C6FAA300C1E78A /* Embed Frameworks */,
			);
			buildRules = (
			);
			dependencies = (
			);
			name = "Swift-Salmonia";
			productName = "Swift-Salmonia";
			productReference = 10B6363E24C662D000A39FD2 /* Salmonia.app */;
			productType = "com.apple.product-type.application";
		};
		10B6365324C662D200A39FD2 /* Swift-SalmoniaTests */ = {
			isa = PBXNativeTarget;
			buildConfigurationList = 10B6366B24C662D200A39FD2 /* Build configuration list for PBXNativeTarget "Swift-SalmoniaTests" */;
			buildPhases = (
				10B6365024C662D200A39FD2 /* Sources */,
				10B6365124C662D200A39FD2 /* Frameworks */,
				10B6365224C662D200A39FD2 /* Resources */,
			);
			buildRules = (
			);
			dependencies = (
				10B6365624C662D200A39FD2 /* PBXTargetDependency */,
			);
			name = "Swift-SalmoniaTests";
			productName = "Swift-SalmoniaTests";
			productReference = 10B6365424C662D200A39FD2 /* Swift-SalmoniaTests.xctest */;
			productType = "com.apple.product-type.bundle.unit-test";
		};
		10B6365E24C662D200A39FD2 /* Swift-SalmoniaUITests */ = {
			isa = PBXNativeTarget;
			buildConfigurationList = 10B6366E24C662D200A39FD2 /* Build configuration list for PBXNativeTarget "Swift-SalmoniaUITests" */;
			buildPhases = (
				10B6365B24C662D200A39FD2 /* Sources */,
				10B6365C24C662D200A39FD2 /* Frameworks */,
				10B6365D24C662D200A39FD2 /* Resources */,
			);
			buildRules = (
			);
			dependencies = (
				10B6366124C662D200A39FD2 /* PBXTargetDependency */,
			);
			name = "Swift-SalmoniaUITests";
			productName = "Swift-SalmoniaUITests";
			productReference = 10B6365F24C662D200A39FD2 /* Swift-SalmoniaUITests.xctest */;
			productType = "com.apple.product-type.bundle.ui-testing";
		};
/* End PBXNativeTarget section */

/* Begin PBXProject section */
		10B6363624C662D000A39FD2 /* Project object */ = {
			isa = PBXProject;
			attributes = {
				LastSwiftUpdateCheck = 1150;
				LastUpgradeCheck = 1150;
				ORGANIZATIONNAME = devonly;
				TargetAttributes = {
					10B6363D24C662D000A39FD2 = {
						CreatedOnToolsVersion = 11.5;
					};
					10B6365324C662D200A39FD2 = {
						CreatedOnToolsVersion = 11.5;
						TestTargetID = 10B6363D24C662D000A39FD2;
					};
					10B6365E24C662D200A39FD2 = {
						CreatedOnToolsVersion = 11.5;
						TestTargetID = 10B6363D24C662D000A39FD2;
					};
				};
			};
			buildConfigurationList = 10B6363924C662D000A39FD2 /* Build configuration list for PBXProject "Swift-Salmonia" */;
			compatibilityVersion = "Xcode 9.3";
			developmentRegion = en;
			hasScannedForEncodings = 0;
			knownRegions = (
				en,
				Base,
			);
			mainGroup = 10B6363524C662D000A39FD2;
			productRefGroup = 10B6363F24C662D000A39FD2 /* Products */;
			projectDirPath = "";
			projectRoot = "";
			targets = (
				10B6363D24C662D000A39FD2 /* Swift-Salmonia */,
				10B6365324C662D200A39FD2 /* Swift-SalmoniaTests */,
				10B6365E24C662D200A39FD2 /* Swift-SalmoniaUITests */,
			);
		};
/* End PBXProject section */

/* Begin PBXResourcesBuildPhase section */
		10B6363C24C662D000A39FD2 /* Resources */ = {
			isa = PBXResourcesBuildPhase;
			buildActionMask = 2147483647;
			files = (
				10B6364E24C662D200A39FD2 /* LaunchScreen.storyboard in Resources */,
				10B6364B24C662D200A39FD2 /* Preview Assets.xcassets in Resources */,
				10B6364824C662D200A39FD2 /* Assets.xcassets in Resources */,
			);
			runOnlyForDeploymentPostprocessing = 0;
		};
		10B6365224C662D200A39FD2 /* Resources */ = {
			isa = PBXResourcesBuildPhase;
			buildActionMask = 2147483647;
			files = (
			);
			runOnlyForDeploymentPostprocessing = 0;
		};
		10B6365D24C662D200A39FD2 /* Resources */ = {
			isa = PBXResourcesBuildPhase;
			buildActionMask = 2147483647;
			files = (
			);
			runOnlyForDeploymentPostprocessing = 0;
		};
/* End PBXResourcesBuildPhase section */

/* Begin PBXShellScriptBuildPhase section */
		10B15CBD24C6F9C500C1E78A /* ShellScript */ = {
			isa = PBXShellScriptBuildPhase;
			buildActionMask = 2147483647;
			files = (
			);
			inputFileListPaths = (
			);
			inputPaths = (
				"$(SRCROOT)/Carthage/Build/iOS/Alamofire.framework",
				"$(SRCROOT)/Carthage/Build/iOS/SwiftyJSON.framework",
			);
			outputFileListPaths = (
			);
			outputPaths = (
			);
			runOnlyForDeploymentPostprocessing = 0;
			shellPath = /bin/sh;
			shellScript = "# Type a script or drag a script file from your workspace to insert its path.\n/usr/local/bin/carthage copy-frameworks\n";
		};
/* End PBXShellScriptBuildPhase section */

/* Begin PBXSourcesBuildPhase section */
		10B6363A24C662D000A39FD2 /* Sources */ = {
			isa = PBXSourcesBuildPhase;
			buildActionMask = 2147483647;
			files = (
				10B6364224C662D000A39FD2 /* AppDelegate.swift in Sources */,
				10B6364424C662D000A39FD2 /* SceneDelegate.swift in Sources */,
				10B6364624C662D000A39FD2 /* ContentView.swift in Sources */,
				105C5BF524C722F700BDF477 /* WebView.swift in Sources */,
				10B15CC024C6FA2B00C1E78A /* SplatNet2.swift in Sources */,
				10B15CBC24C6F78C00C1E78A /* Extension.swift in Sources */,
			);
			runOnlyForDeploymentPostprocessing = 0;
		};
		10B6365024C662D200A39FD2 /* Sources */ = {
			isa = PBXSourcesBuildPhase;
			buildActionMask = 2147483647;
			files = (
				10B6365924C662D200A39FD2 /* Swift_SalmoniaTests.swift in Sources */,
			);
			runOnlyForDeploymentPostprocessing = 0;
		};
		10B6365B24C662D200A39FD2 /* Sources */ = {
			isa = PBXSourcesBuildPhase;
			buildActionMask = 2147483647;
			files = (
				10B6366424C662D200A39FD2 /* Swift_SalmoniaUITests.swift in Sources */,
			);
			runOnlyForDeploymentPostprocessing = 0;
		};
/* End PBXSourcesBuildPhase section */

/* Begin PBXTargetDependency section */
		10B6365624C662D200A39FD2 /* PBXTargetDependency */ = {
			isa = PBXTargetDependency;
			target = 10B6363D24C662D000A39FD2 /* Swift-Salmonia */;
			targetProxy = 10B6365524C662D200A39FD2 /* PBXContainerItemProxy */;
		};
		10B6366124C662D200A39FD2 /* PBXTargetDependency */ = {
			isa = PBXTargetDependency;
			target = 10B6363D24C662D000A39FD2 /* Swift-Salmonia */;
			targetProxy = 10B6366024C662D200A39FD2 /* PBXContainerItemProxy */;
		};
/* End PBXTargetDependency section */

/* Begin PBXVariantGroup section */
		10B6364C24C662D200A39FD2 /* LaunchScreen.storyboard */ = {
			isa = PBXVariantGroup;
			children = (
				10B6364D24C662D200A39FD2 /* Base */,
			);
			name = LaunchScreen.storyboard;
			sourceTree = "<group>";
		};
/* End PBXVariantGroup section */

/* Begin XCBuildConfiguration section */
		10B6366624C662D200A39FD2 /* Debug */ = {
			isa = XCBuildConfiguration;
			buildSettings = {
				ALWAYS_SEARCH_USER_PATHS = NO;
				CLANG_ANALYZER_NONNULL = YES;
				CLANG_ANALYZER_NUMBER_OBJECT_CONVERSION = YES_AGGRESSIVE;
				CLANG_CXX_LANGUAGE_STANDARD = "gnu++14";
				CLANG_CXX_LIBRARY = "libc++";
				CLANG_ENABLE_MODULES = YES;
				CLANG_ENABLE_OBJC_ARC = YES;
				CLANG_ENABLE_OBJC_WEAK = YES;
				CLANG_WARN_BLOCK_CAPTURE_AUTORELEASING = YES;
				CLANG_WARN_BOOL_CONVERSION = YES;
				CLANG_WARN_COMMA = YES;
				CLANG_WARN_CONSTANT_CONVERSION = YES;
				CLANG_WARN_DEPRECATED_OBJC_IMPLEMENTATIONS = YES;
				CLANG_WARN_DIRECT_OBJC_ISA_USAGE = YES_ERROR;
				CLANG_WARN_DOCUMENTATION_COMMENTS = YES;
				CLANG_WARN_EMPTY_BODY = YES;
				CLANG_WARN_ENUM_CONVERSION = YES;
				CLANG_WARN_INFINITE_RECURSION = YES;
				CLANG_WARN_INT_CONVERSION = YES;
				CLANG_WARN_NON_LITERAL_NULL_CONVERSION = YES;
				CLANG_WARN_OBJC_IMPLICIT_RETAIN_SELF = YES;
				CLANG_WARN_OBJC_LITERAL_CONVERSION = YES;
				CLANG_WARN_OBJC_ROOT_CLASS = YES_ERROR;
				CLANG_WARN_RANGE_LOOP_ANALYSIS = YES;
				CLANG_WARN_STRICT_PROTOTYPES = YES;
				CLANG_WARN_SUSPICIOUS_MOVE = YES;
				CLANG_WARN_UNGUARDED_AVAILABILITY = YES_AGGRESSIVE;
				CLANG_WARN_UNREACHABLE_CODE = YES;
				CLANG_WARN__DUPLICATE_METHOD_MATCH = YES;
				COPY_PHASE_STRIP = NO;
				DEBUG_INFORMATION_FORMAT = dwarf;
				ENABLE_STRICT_OBJC_MSGSEND = YES;
				ENABLE_TESTABILITY = YES;
				GCC_C_LANGUAGE_STANDARD = gnu11;
				GCC_DYNAMIC_NO_PIC = NO;
				GCC_NO_COMMON_BLOCKS = YES;
				GCC_OPTIMIZATION_LEVEL = 0;
				GCC_PREPROCESSOR_DEFINITIONS = (
					"DEBUG=1",
					"$(inherited)",
				);
				GCC_WARN_64_TO_32_BIT_CONVERSION = YES;
				GCC_WARN_ABOUT_RETURN_TYPE = YES_ERROR;
				GCC_WARN_UNDECLARED_SELECTOR = YES;
				GCC_WARN_UNINITIALIZED_AUTOS = YES_AGGRESSIVE;
				GCC_WARN_UNUSED_FUNCTION = YES;
				GCC_WARN_UNUSED_VARIABLE = YES;
				IPHONEOS_DEPLOYMENT_TARGET = 13.0;
				MTL_ENABLE_DEBUG_INFO = INCLUDE_SOURCE;
				MTL_FAST_MATH = YES;
				ONLY_ACTIVE_ARCH = YES;
				SDKROOT = iphoneos;
				SWIFT_ACTIVE_COMPILATION_CONDITIONS = DEBUG;
				SWIFT_OPTIMIZATION_LEVEL = "-Onone";
			};
			name = Debug;
		};
		10B6366724C662D200A39FD2 /* Release */ = {
			isa = XCBuildConfiguration;
			buildSettings = {
				ALWAYS_SEARCH_USER_PATHS = NO;
				CLANG_ANALYZER_NONNULL = YES;
				CLANG_ANALYZER_NUMBER_OBJECT_CONVERSION = YES_AGGRESSIVE;
				CLANG_CXX_LANGUAGE_STANDARD = "gnu++14";
				CLANG_CXX_LIBRARY = "libc++";
				CLANG_ENABLE_MODULES = YES;
				CLANG_ENABLE_OBJC_ARC = YES;
				CLANG_ENABLE_OBJC_WEAK = YES;
				CLANG_WARN_BLOCK_CAPTURE_AUTORELEASING = YES;
				CLANG_WARN_BOOL_CONVERSION = YES;
				CLANG_WARN_COMMA = YES;
				CLANG_WARN_CONSTANT_CONVERSION = YES;
				CLANG_WARN_DEPRECATED_OBJC_IMPLEMENTATIONS = YES;
				CLANG_WARN_DIRECT_OBJC_ISA_USAGE = YES_ERROR;
				CLANG_WARN_DOCUMENTATION_COMMENTS = YES;
				CLANG_WARN_EMPTY_BODY = YES;
				CLANG_WARN_ENUM_CONVERSION = YES;
				CLANG_WARN_INFINITE_RECURSION = YES;
				CLANG_WARN_INT_CONVERSION = YES;
				CLANG_WARN_NON_LITERAL_NULL_CONVERSION = YES;
				CLANG_WARN_OBJC_IMPLICIT_RETAIN_SELF = YES;
				CLANG_WARN_OBJC_LITERAL_CONVERSION = YES;
				CLANG_WARN_OBJC_ROOT_CLASS = YES_ERROR;
				CLANG_WARN_RANGE_LOOP_ANALYSIS = YES;
				CLANG_WARN_STRICT_PROTOTYPES = YES;
				CLANG_WARN_SUSPICIOUS_MOVE = YES;
				CLANG_WARN_UNGUARDED_AVAILABILITY = YES_AGGRESSIVE;
				CLANG_WARN_UNREACHABLE_CODE = YES;
				CLANG_WARN__DUPLICATE_METHOD_MATCH = YES;
				COPY_PHASE_STRIP = NO;
				DEBUG_INFORMATION_FORMAT = "dwarf-with-dsym";
				ENABLE_NS_ASSERTIONS = NO;
				ENABLE_STRICT_OBJC_MSGSEND = YES;
				GCC_C_LANGUAGE_STANDARD = gnu11;
				GCC_NO_COMMON_BLOCKS = YES;
				GCC_WARN_64_TO_32_BIT_CONVERSION = YES;
				GCC_WARN_ABOUT_RETURN_TYPE = YES_ERROR;
				GCC_WARN_UNDECLARED_SELECTOR = YES;
				GCC_WARN_UNINITIALIZED_AUTOS = YES_AGGRESSIVE;
				GCC_WARN_UNUSED_FUNCTION = YES;
				GCC_WARN_UNUSED_VARIABLE = YES;
				IPHONEOS_DEPLOYMENT_TARGET = 13.0;
				MTL_ENABLE_DEBUG_INFO = NO;
				MTL_FAST_MATH = YES;
				SDKROOT = iphoneos;
				SWIFT_COMPILATION_MODE = wholemodule;
				SWIFT_OPTIMIZATION_LEVEL = "-O";
				VALIDATE_PRODUCT = YES;
			};
			name = Release;
		};
		10B6366924C662D200A39FD2 /* Debug */ = {
			isa = XCBuildConfiguration;
			buildSettings = {
				ASSETCATALOG_COMPILER_APPICON_NAME = AppIcon;
				CODE_SIGN_STYLE = Automatic;
				DEVELOPMENT_ASSET_PATHS = "\"Swift-Salmonia/Preview Content\"";
				DEVELOPMENT_TEAM = D9HU6JZF2Q;
				ENABLE_PREVIEWS = YES;
				FRAMEWORK_SEARCH_PATHS = (
					"$(inherited)",
					"$(PROJECT_DIR)/Carthage/Build/iOS",
				);
				INFOPLIST_FILE = "Swift-Salmonia/Info.plist";
				IPHONEOS_DEPLOYMENT_TARGET = 13.0;
				LD_RUNPATH_SEARCH_PATHS = (
					"$(inherited)",
					"@executable_path/Frameworks",
				);
				MARKETING_VERSION = 1.0.0;
				PRODUCT_BUNDLE_IDENTIFIER = "work.tkgstrator.Swift-Salmonia";
				PRODUCT_NAME = Salmonia;
				SWIFT_VERSION = 5.0;
				TARGETED_DEVICE_FAMILY = "1,2";
			};
			name = Debug;
		};
		10B6366A24C662D200A39FD2 /* Release */ = {
			isa = XCBuildConfiguration;
			buildSettings = {
				ASSETCATALOG_COMPILER_APPICON_NAME = AppIcon;
				CODE_SIGN_STYLE = Automatic;
				DEVELOPMENT_ASSET_PATHS = "\"Swift-Salmonia/Preview Content\"";
				DEVELOPMENT_TEAM = D9HU6JZF2Q;
				ENABLE_PREVIEWS = YES;
				FRAMEWORK_SEARCH_PATHS = (
					"$(inherited)",
					"$(PROJECT_DIR)/Carthage/Build/iOS",
				);
				INFOPLIST_FILE = "Swift-Salmonia/Info.plist";
				IPHONEOS_DEPLOYMENT_TARGET = 13.0;
				LD_RUNPATH_SEARCH_PATHS = (
					"$(inherited)",
					"@executable_path/Frameworks",
				);
				MARKETING_VERSION = 1.0.0;
				PRODUCT_BUNDLE_IDENTIFIER = "work.tkgstrator.Swift-Salmonia";
				PRODUCT_NAME = Salmonia;
				SWIFT_VERSION = 5.0;
				TARGETED_DEVICE_FAMILY = "1,2";
			};
			name = Release;
		};
		10B6366C24C662D200A39FD2 /* Debug */ = {
			isa = XCBuildConfiguration;
			buildSettings = {
				ALWAYS_EMBED_SWIFT_STANDARD_LIBRARIES = YES;
				BUNDLE_LOADER = "$(TEST_HOST)";
				CODE_SIGN_STYLE = Automatic;
				DEVELOPMENT_TEAM = D9HU6JZF2Q;
				INFOPLIST_FILE = "Swift-SalmoniaTests/Info.plist";
				IPHONEOS_DEPLOYMENT_TARGET = 13.5;
				LD_RUNPATH_SEARCH_PATHS = (
					"$(inherited)",
					"@executable_path/Frameworks",
					"@loader_path/Frameworks",
				);
				PRODUCT_BUNDLE_IDENTIFIER = "work.tkgstrator.Swift-SalmoniaTests";
				PRODUCT_NAME = "$(TARGET_NAME)";
				SWIFT_VERSION = 5.0;
				TARGETED_DEVICE_FAMILY = "1,2";
				TEST_HOST = "$(BUILT_PRODUCTS_DIR)/Swift-Salmonia.app/Swift-Salmonia";
			};
			name = Debug;
		};
		10B6366D24C662D200A39FD2 /* Release */ = {
			isa = XCBuildConfiguration;
			buildSettings = {
				ALWAYS_EMBED_SWIFT_STANDARD_LIBRARIES = YES;
				BUNDLE_LOADER = "$(TEST_HOST)";
				CODE_SIGN_STYLE = Automatic;
				DEVELOPMENT_TEAM = D9HU6JZF2Q;
				INFOPLIST_FILE = "Swift-SalmoniaTests/Info.plist";
				IPHONEOS_DEPLOYMENT_TARGET = 13.5;
				LD_RUNPATH_SEARCH_PATHS = (
					"$(inherited)",
					"@executable_path/Frameworks",
					"@loader_path/Frameworks",
				);
				PRODUCT_BUNDLE_IDENTIFIER = "work.tkgstrator.Swift-SalmoniaTests";
				PRODUCT_NAME = "$(TARGET_NAME)";
				SWIFT_VERSION = 5.0;
				TARGETED_DEVICE_FAMILY = "1,2";
				TEST_HOST = "$(BUILT_PRODUCTS_DIR)/Swift-Salmonia.app/Swift-Salmonia";
			};
			name = Release;
		};
		10B6366F24C662D200A39FD2 /* Debug */ = {
			isa = XCBuildConfiguration;
			buildSettings = {
				ALWAYS_EMBED_SWIFT_STANDARD_LIBRARIES = YES;
				CODE_SIGN_STYLE = Automatic;
				DEVELOPMENT_TEAM = D9HU6JZF2Q;
				INFOPLIST_FILE = "Swift-SalmoniaUITests/Info.plist";
				LD_RUNPATH_SEARCH_PATHS = (
					"$(inherited)",
					"@executable_path/Frameworks",
					"@loader_path/Frameworks",
				);
				PRODUCT_BUNDLE_IDENTIFIER = "work.tkgstrator.Swift-SalmoniaUITests";
				PRODUCT_NAME = "$(TARGET_NAME)";
				SWIFT_VERSION = 5.0;
				TARGETED_DEVICE_FAMILY = "1,2";
				TEST_TARGET_NAME = "Swift-Salmonia";
			};
			name = Debug;
		};
		10B6367024C662D200A39FD2 /* Release */ = {
			isa = XCBuildConfiguration;
			buildSettings = {
				ALWAYS_EMBED_SWIFT_STANDARD_LIBRARIES = YES;
				CODE_SIGN_STYLE = Automatic;
				DEVELOPMENT_TEAM = D9HU6JZF2Q;
				INFOPLIST_FILE = "Swift-SalmoniaUITests/Info.plist";
				LD_RUNPATH_SEARCH_PATHS = (
					"$(inherited)",
					"@executable_path/Frameworks",
					"@loader_path/Frameworks",
				);
				PRODUCT_BUNDLE_IDENTIFIER = "work.tkgstrator.Swift-SalmoniaUITests";
				PRODUCT_NAME = "$(TARGET_NAME)";
				SWIFT_VERSION = 5.0;
				TARGETED_DEVICE_FAMILY = "1,2";
				TEST_TARGET_NAME = "Swift-Salmonia";
			};
			name = Release;
		};
/* End XCBuildConfiguration section */

/* Begin XCConfigurationList section */
		10B6363924C662D000A39FD2 /* Build configuration list for PBXProject "Swift-Salmonia" */ = {
			isa = XCConfigurationList;
			buildConfigurations = (
				10B6366624C662D200A39FD2 /* Debug */,
				10B6366724C662D200A39FD2 /* Release */,
			);
			defaultConfigurationIsVisible = 0;
			defaultConfigurationName = Release;
		};
		10B6366824C662D200A39FD2 /* Build configuration list for PBXNativeTarget "Swift-Salmonia" */ = {
			isa = XCConfigurationList;
			buildConfigurations = (
				10B6366924C662D200A39FD2 /* Debug */,
				10B6366A24C662D200A39FD2 /* Release */,
			);
			defaultConfigurationIsVisible = 0;
			defaultConfigurationName = Release;
		};
		10B6366B24C662D200A39FD2 /* Build configuration list for PBXNativeTarget "Swift-SalmoniaTests" */ = {
			isa = XCConfigurationList;
			buildConfigurations = (
				10B6366C24C662D200A39FD2 /* Debug */,
				10B6366D24C662D200A39FD2 /* Release */,
			);
			defaultConfigurationIsVisible = 0;
			defaultConfigurationName = Release;
		};
		10B6366E24C662D200A39FD2 /* Build configuration list for PBXNativeTarget "Swift-SalmoniaUITests" */ = {
			isa = XCConfigurationList;
			buildConfigurations = (
				10B6366F24C662D200A39FD2 /* Debug */,
				10B6367024C662D200A39FD2 /* Release */,
			);
			defaultConfigurationIsVisible = 0;
			defaultConfigurationName = Release;
		};
/* End XCConfigurationList section */
	};
	rootObject = 10B6363624C662D000A39FD2 /* Project object */;
}
