// !$*UTF8*$!
{
	archiveVersion = 1;
	classes = {
	};
	objectVersion = 51;
	objects = {

/* Begin PBXBuildFile section */
		101494E524DC019400F0028B /* formated_future_shifts.json in Resources */ = {isa = PBXBuildFile; fileRef = 101494E424DC019400F0028B /* formated_future_shifts.json */; };
		1047557E24DD799A00AF7180 /* ImageURL.swift in Sources */ = {isa = PBXBuildFile; fileRef = 1047557D24DD799A00AF7180 /* ImageURL.swift */; };
		10505E7024CB653800CF4E04 /* Realm.swift in Sources */ = {isa = PBXBuildFile; fileRef = 10505E6F24CB653800CF4E04 /* Realm.swift */; };
		10505E7324CB655800CF4E04 /* RealmSwift.framework in Frameworks */ = {isa = PBXBuildFile; fileRef = 10505E7124CB655800CF4E04 /* RealmSwift.framework */; };
		10505E7524CB655800CF4E04 /* Realm.framework in Frameworks */ = {isa = PBXBuildFile; fileRef = 10505E7224CB655800CF4E04 /* Realm.framework */; };
		10505E7D24CBDE2B00CF4E04 /* Splatfont2.ttf in Resources */ = {isa = PBXBuildFile; fileRef = 10505E7C24CBDE2B00CF4E04 /* Splatfont2.ttf */; };
		10505E7F24CBDE3C00CF4E04 /* RobotoMono-Regular.ttf in Resources */ = {isa = PBXBuildFile; fileRef = 10505E7E24CBDE3C00CF4E04 /* RobotoMono-Regular.ttf */; };
		105112A224CEED3000EEC0EF /* CryptoSwift.framework in Frameworks */ = {isa = PBXBuildFile; fileRef = 106B14E524CE1B7F0033011A /* CryptoSwift.framework */; };
		1098BCD324D2A92B003E95E3 /* Splatfont1.ttf in Resources */ = {isa = PBXBuildFile; fileRef = 1098BCD224D2A884003E95E3 /* Splatfont1.ttf */; };
		10A0AC0824D7DD5B00ADD56E /* ResultsCollectionView.swift in Sources */ = {isa = PBXBuildFile; fileRef = 10A0AC0724D7DD5B00ADD56E /* ResultsCollectionView.swift */; };
		10A0AC0A24D7DDD800ADD56E /* ResultView.swift in Sources */ = {isa = PBXBuildFile; fileRef = 10A0AC0924D7DDD800ADD56E /* ResultView.swift */; };
		10A0AC1024D7E04E00ADD56E /* SalmonStatsView.swift in Sources */ = {isa = PBXBuildFile; fileRef = 10A0AC0F24D7E04E00ADD56E /* SalmonStatsView.swift */; };
		10A0AC1424D7E47300ADD56E /* Extension.swift in Sources */ = {isa = PBXBuildFile; fileRef = 10A0AC1324D7E47300ADD56E /* Extension.swift */; };
		10A0AC2024D7E8BB00ADD56E /* ShiftStatsView.swift in Sources */ = {isa = PBXBuildFile; fileRef = 10A0AC1F24D7E8BB00ADD56E /* ShiftStatsView.swift */; };
		10A0AC2224D7E8DE00ADD56E /* FutureShiftView.swift in Sources */ = {isa = PBXBuildFile; fileRef = 10A0AC2124D7E8DE00ADD56E /* FutureShiftView.swift */; };
		10A0AC2424D7E99700ADD56E /* StageListView.swift in Sources */ = {isa = PBXBuildFile; fileRef = 10A0AC2324D7E99700ADD56E /* StageListView.swift */; };
		10A0AC2624D7EB3700ADD56E /* StageRecordsView.swift in Sources */ = {isa = PBXBuildFile; fileRef = 10A0AC2524D7EB3700ADD56E /* StageRecordsView.swift */; };
		10A0AC2824D804D000ADD56E /* SalmoniaCore.swift in Sources */ = {isa = PBXBuildFile; fileRef = 10A0AC2724D804D000ADD56E /* SalmoniaCore.swift */; };
		10A0AC2A24D8374700ADD56E /* Salmonia.swift in Sources */ = {isa = PBXBuildFile; fileRef = 10A0AC2924D8374700ADD56E /* Salmonia.swift */; };
		10A0AC2C24D90BB300ADD56E /* SplatNet2.swift in Sources */ = {isa = PBXBuildFile; fileRef = 10A0AC2B24D90BB300ADD56E /* SplatNet2.swift */; };
		10A0AC2E24D90BC000ADD56E /* SalmonStats.swift in Sources */ = {isa = PBXBuildFile; fileRef = 10A0AC2D24D90BC000ADD56E /* SalmonStats.swift */; };
		10A0AC3124D9281C00ADD56E /* SalmonStatsResultsView.swift in Sources */ = {isa = PBXBuildFile; fileRef = 10A0AC3024D9281C00ADD56E /* SalmonStatsResultsView.swift */; };
		10A0AC3324D93EC000ADD56E /* Error.swift in Sources */ = {isa = PBXBuildFile; fileRef = 10A0AC3224D93EC000ADD56E /* Error.swift */; };
		10A0AC3524D93F2E00ADD56E /* WebView.swift in Sources */ = {isa = PBXBuildFile; fileRef = 10A0AC3424D93F2E00ADD56E /* WebView.swift */; };
		10B15CC424C6FAA300C1E78A /* Alamofire.framework in Frameworks */ = {isa = PBXBuildFile; fileRef = 10B15CC224C6FAA300C1E78A /* Alamofire.framework */; settings = {ATTRIBUTES = (Required, ); }; };
		10B15CC624C6FAA300C1E78A /* SwiftyJSON.framework in Frameworks */ = {isa = PBXBuildFile; fileRef = 10B15CC324C6FAA300C1E78A /* SwiftyJSON.framework */; };
		10B6364224C662D000A39FD2 /* AppDelegate.swift in Sources */ = {isa = PBXBuildFile; fileRef = 10B6364124C662D000A39FD2 /* AppDelegate.swift */; };
		10B6364424C662D000A39FD2 /* SceneDelegate.swift in Sources */ = {isa = PBXBuildFile; fileRef = 10B6364324C662D000A39FD2 /* SceneDelegate.swift */; };
		10B6364624C662D000A39FD2 /* ContentView.swift in Sources */ = {isa = PBXBuildFile; fileRef = 10B6364524C662D000A39FD2 /* ContentView.swift */; };
		10B6364824C662D200A39FD2 /* Assets.xcassets in Resources */ = {isa = PBXBuildFile; fileRef = 10B6364724C662D200A39FD2 /* Assets.xcassets */; };
		10B6364B24C662D200A39FD2 /* Preview Assets.xcassets in Resources */ = {isa = PBXBuildFile; fileRef = 10B6364A24C662D200A39FD2 /* Preview Assets.xcassets */; };
		10B6364E24C662D200A39FD2 /* LaunchScreen.storyboard in Resources */ = {isa = PBXBuildFile; fileRef = 10B6364C24C662D200A39FD2 /* LaunchScreen.storyboard */; };
		10B6365924C662D200A39FD2 /* Swift_SalmoniaTests.swift in Sources */ = {isa = PBXBuildFile; fileRef = 10B6365824C662D200A39FD2 /* Swift_SalmoniaTests.swift */; };
		10B6366424C662D200A39FD2 /* Swift_SalmoniaUITests.swift in Sources */ = {isa = PBXBuildFile; fileRef = 10B6366324C662D200A39FD2 /* Swift_SalmoniaUITests.swift */; };
		10D2368C24D7D95500B2E27E /* PlayerView.swift in Sources */ = {isa = PBXBuildFile; fileRef = 10D2368B24D7D95500B2E27E /* PlayerView.swift */; };
		10D2368E24D7DB2900B2E27E /* LoggingThreadView.swift in Sources */ = {isa = PBXBuildFile; fileRef = 10D2368D24D7DB2900B2E27E /* LoggingThreadView.swift */; };
		10D2369024D7DB3600B2E27E /* SettingView.swift in Sources */ = {isa = PBXBuildFile; fileRef = 10D2368F24D7DB3600B2E27E /* SettingView.swift */; };
		10D2369224D7DB9700B2E27E /* SalmoniaView.swift in Sources */ = {isa = PBXBuildFile; fileRef = 10D2369124D7DB9700B2E27E /* SalmoniaView.swift */; };
		C5113F046241D2C1F2018BA4 /* Pods_Swift_SalmoniaTests.framework in Frameworks */ = {isa = PBXBuildFile; fileRef = 3D6776318790644E82D0B26F /* Pods_Swift_SalmoniaTests.framework */; };
		D7E02E303A1404B92452290A /* Pods_Swift_Salmonia.framework in Frameworks */ = {isa = PBXBuildFile; fileRef = 6F9314225124683A3C26DE05 /* Pods_Swift_Salmonia.framework */; };
		F2A7D13604AE8290D8D753AA /* Pods_Swift_Salmonia_Swift_SalmoniaUITests.framework in Frameworks */ = {isa = PBXBuildFile; fileRef = A3E44E93D95379A8FB77A009 /* Pods_Swift_Salmonia_Swift_SalmoniaUITests.framework */; };
/* End PBXBuildFile section */

/* Begin PBXContainerItemProxy section */
		10B6365524C662D200A39FD2 /* PBXContainerItemProxy */ = {
			isa = PBXContainerItemProxy;
			containerPortal = 10B6363624C662D000A39FD2 /* Project object */;
			proxyType = 1;
			remoteGlobalIDString = 10B6363D24C662D000A39FD2;
			remoteInfo = "Swift-Salmonia";
		};
		10B6366024C662D200A39FD2 /* PBXContainerItemProxy */ = {
			isa = PBXContainerItemProxy;
			containerPortal = 10B6363624C662D000A39FD2 /* Project object */;
			proxyType = 1;
			remoteGlobalIDString = 10B6363D24C662D000A39FD2;
			remoteInfo = "Swift-Salmonia";
		};
/* End PBXContainerItemProxy section */

/* Begin PBXFileReference section */
		0E9A55168B8C5AC47A7E71A7 /* Pods-Swift-Salmonia.debug.xcconfig */ = {isa = PBXFileReference; includeInIndex = 1; lastKnownFileType = text.xcconfig; name = "Pods-Swift-Salmonia.debug.xcconfig"; path = "Target Support Files/Pods-Swift-Salmonia/Pods-Swift-Salmonia.debug.xcconfig"; sourceTree = "<group>"; };
		101494E424DC019400F0028B /* formated_future_shifts.json */ = {isa = PBXFileReference; fileEncoding = 4; lastKnownFileType = text.json; name = formated_future_shifts.json; path = ../../../../../formated_future_shifts.json; sourceTree = "<group>"; };
		1047557D24DD799A00AF7180 /* ImageURL.swift */ = {isa = PBXFileReference; lastKnownFileType = sourcecode.swift; path = ImageURL.swift; sourceTree = "<group>"; };
		10505E6F24CB653800CF4E04 /* Realm.swift */ = {isa = PBXFileReference; lastKnownFileType = sourcecode.swift; path = Realm.swift; sourceTree = "<group>"; };
		10505E7124CB655800CF4E04 /* RealmSwift.framework */ = {isa = PBXFileReference; lastKnownFileType = wrapper.framework; name = RealmSwift.framework; path = Carthage/Build/iOS/RealmSwift.framework; sourceTree = "<group>"; };
		10505E7224CB655800CF4E04 /* Realm.framework */ = {isa = PBXFileReference; lastKnownFileType = wrapper.framework; name = Realm.framework; path = Carthage/Build/iOS/Realm.framework; sourceTree = "<group>"; };
		10505E7C24CBDE2B00CF4E04 /* Splatfont2.ttf */ = {isa = PBXFileReference; lastKnownFileType = file; path = Splatfont2.ttf; sourceTree = "<group>"; };
		10505E7E24CBDE3C00CF4E04 /* RobotoMono-Regular.ttf */ = {isa = PBXFileReference; lastKnownFileType = file; path = "RobotoMono-Regular.ttf"; sourceTree = "<group>"; };
		106B14E524CE1B7F0033011A /* CryptoSwift.framework */ = {isa = PBXFileReference; lastKnownFileType = wrapper.framework; name = CryptoSwift.framework; path = Carthage/Build/iOS/CryptoSwift.framework; sourceTree = "<group>"; };
		1098BCD224D2A884003E95E3 /* Splatfont1.ttf */ = {isa = PBXFileReference; lastKnownFileType = file; path = Splatfont1.ttf; sourceTree = "<group>"; };
		10A0AC0724D7DD5B00ADD56E /* ResultsCollectionView.swift */ = {isa = PBXFileReference; lastKnownFileType = sourcecode.swift; path = ResultsCollectionView.swift; sourceTree = "<group>"; };
		10A0AC0924D7DDD800ADD56E /* ResultView.swift */ = {isa = PBXFileReference; lastKnownFileType = sourcecode.swift; path = ResultView.swift; sourceTree = "<group>"; };
		10A0AC0F24D7E04E00ADD56E /* SalmonStatsView.swift */ = {isa = PBXFileReference; lastKnownFileType = sourcecode.swift; path = SalmonStatsView.swift; sourceTree = "<group>"; };
		10A0AC1324D7E47300ADD56E /* Extension.swift */ = {isa = PBXFileReference; lastKnownFileType = sourcecode.swift; path = Extension.swift; sourceTree = "<group>"; };
		10A0AC1F24D7E8BB00ADD56E /* ShiftStatsView.swift */ = {isa = PBXFileReference; fileEncoding = 4; lastKnownFileType = sourcecode.swift; path = ShiftStatsView.swift; sourceTree = "<group>"; };
		10A0AC2124D7E8DE00ADD56E /* FutureShiftView.swift */ = {isa = PBXFileReference; fileEncoding = 4; lastKnownFileType = sourcecode.swift; path = FutureShiftView.swift; sourceTree = "<group>"; };
		10A0AC2324D7E99700ADD56E /* StageListView.swift */ = {isa = PBXFileReference; lastKnownFileType = sourcecode.swift; path = StageListView.swift; sourceTree = "<group>"; };
		10A0AC2524D7EB3700ADD56E /* StageRecordsView.swift */ = {isa = PBXFileReference; lastKnownFileType = sourcecode.swift; path = StageRecordsView.swift; sourceTree = "<group>"; };
		10A0AC2724D804D000ADD56E /* SalmoniaCore.swift */ = {isa = PBXFileReference; lastKnownFileType = sourcecode.swift; path = SalmoniaCore.swift; sourceTree = "<group>"; };
		10A0AC2924D8374700ADD56E /* Salmonia.swift */ = {isa = PBXFileReference; lastKnownFileType = sourcecode.swift; path = Salmonia.swift; sourceTree = "<group>"; };
		10A0AC2B24D90BB300ADD56E /* SplatNet2.swift */ = {isa = PBXFileReference; lastKnownFileType = sourcecode.swift; path = SplatNet2.swift; sourceTree = "<group>"; };
		10A0AC2D24D90BC000ADD56E /* SalmonStats.swift */ = {isa = PBXFileReference; lastKnownFileType = sourcecode.swift; path = SalmonStats.swift; sourceTree = "<group>"; };
		10A0AC3024D9281C00ADD56E /* SalmonStatsResultsView.swift */ = {isa = PBXFileReference; lastKnownFileType = sourcecode.swift; path = SalmonStatsResultsView.swift; sourceTree = "<group>"; };
		10A0AC3224D93EC000ADD56E /* Error.swift */ = {isa = PBXFileReference; lastKnownFileType = sourcecode.swift; path = Error.swift; sourceTree = "<group>"; };
		10A0AC3424D93F2E00ADD56E /* WebView.swift */ = {isa = PBXFileReference; lastKnownFileType = sourcecode.swift; path = WebView.swift; sourceTree = "<group>"; };
		10B15CC224C6FAA300C1E78A /* Alamofire.framework */ = {isa = PBXFileReference; lastKnownFileType = wrapper.framework; name = Alamofire.framework; path = Carthage/Build/iOS/Alamofire.framework; sourceTree = "<group>"; };
		10B15CC324C6FAA300C1E78A /* SwiftyJSON.framework */ = {isa = PBXFileReference; lastKnownFileType = wrapper.framework; name = SwiftyJSON.framework; path = Carthage/Build/iOS/SwiftyJSON.framework; sourceTree = "<group>"; };
		10B6363E24C662D000A39FD2 /* Salmonia2.app */ = {isa = PBXFileReference; explicitFileType = wrapper.application; includeInIndex = 0; path = Salmonia2.app; sourceTree = BUILT_PRODUCTS_DIR; };
		10B6364124C662D000A39FD2 /* AppDelegate.swift */ = {isa = PBXFileReference; lastKnownFileType = sourcecode.swift; path = AppDelegate.swift; sourceTree = "<group>"; };
		10B6364324C662D000A39FD2 /* SceneDelegate.swift */ = {isa = PBXFileReference; lastKnownFileType = sourcecode.swift; path = SceneDelegate.swift; sourceTree = "<group>"; };
		10B6364524C662D000A39FD2 /* ContentView.swift */ = {isa = PBXFileReference; lastKnownFileType = sourcecode.swift; path = ContentView.swift; sourceTree = "<group>"; };
		10B6364724C662D200A39FD2 /* Assets.xcassets */ = {isa = PBXFileReference; lastKnownFileType = folder.assetcatalog; path = Assets.xcassets; sourceTree = "<group>"; };
		10B6364A24C662D200A39FD2 /* Preview Assets.xcassets */ = {isa = PBXFileReference; lastKnownFileType = folder.assetcatalog; path = "Preview Assets.xcassets"; sourceTree = "<group>"; };
		10B6364D24C662D200A39FD2 /* Base */ = {isa = PBXFileReference; lastKnownFileType = file.storyboard; name = Base; path = Base.lproj/LaunchScreen.storyboard; sourceTree = "<group>"; };
		10B6364F24C662D200A39FD2 /* Info.plist */ = {isa = PBXFileReference; lastKnownFileType = text.plist.xml; path = Info.plist; sourceTree = "<group>"; };
		10B6365424C662D200A39FD2 /* Swift-SalmoniaTests.xctest */ = {isa = PBXFileReference; explicitFileType = wrapper.cfbundle; includeInIndex = 0; path = "Swift-SalmoniaTests.xctest"; sourceTree = BUILT_PRODUCTS_DIR; };
		10B6365824C662D200A39FD2 /* Swift_SalmoniaTests.swift */ = {isa = PBXFileReference; lastKnownFileType = sourcecode.swift; path = Swift_SalmoniaTests.swift; sourceTree = "<group>"; };
		10B6365A24C662D200A39FD2 /* Info.plist */ = {isa = PBXFileReference; lastKnownFileType = text.plist.xml; path = Info.plist; sourceTree = "<group>"; };
		10B6365F24C662D200A39FD2 /* Swift-SalmoniaUITests.xctest */ = {isa = PBXFileReference; explicitFileType = wrapper.cfbundle; includeInIndex = 0; path = "Swift-SalmoniaUITests.xctest"; sourceTree = BUILT_PRODUCTS_DIR; };
		10B6366324C662D200A39FD2 /* Swift_SalmoniaUITests.swift */ = {isa = PBXFileReference; lastKnownFileType = sourcecode.swift; path = Swift_SalmoniaUITests.swift; sourceTree = "<group>"; };
		10B6366524C662D200A39FD2 /* Info.plist */ = {isa = PBXFileReference; lastKnownFileType = text.plist.xml; path = Info.plist; sourceTree = "<group>"; };
		10D2368B24D7D95500B2E27E /* PlayerView.swift */ = {isa = PBXFileReference; lastKnownFileType = sourcecode.swift; path = PlayerView.swift; sourceTree = "<group>"; };
		10D2368D24D7DB2900B2E27E /* LoggingThreadView.swift */ = {isa = PBXFileReference; lastKnownFileType = sourcecode.swift; path = LoggingThreadView.swift; sourceTree = "<group>"; };
		10D2368F24D7DB3600B2E27E /* SettingView.swift */ = {isa = PBXFileReference; lastKnownFileType = sourcecode.swift; path = SettingView.swift; sourceTree = "<group>"; };
		10D2369124D7DB9700B2E27E /* SalmoniaView.swift */ = {isa = PBXFileReference; lastKnownFileType = sourcecode.swift; path = SalmoniaView.swift; sourceTree = "<group>"; };
		3D6776318790644E82D0B26F /* Pods_Swift_SalmoniaTests.framework */ = {isa = PBXFileReference; explicitFileType = wrapper.framework; includeInIndex = 0; path = Pods_Swift_SalmoniaTests.framework; sourceTree = BUILT_PRODUCTS_DIR; };
		3F434B997E7E6166C9A0D375 /* Pods-Swift-SalmoniaTests.release.xcconfig */ = {isa = PBXFileReference; includeInIndex = 1; lastKnownFileType = text.xcconfig; name = "Pods-Swift-SalmoniaTests.release.xcconfig"; path = "Target Support Files/Pods-Swift-SalmoniaTests/Pods-Swift-SalmoniaTests.release.xcconfig"; sourceTree = "<group>"; };
		4E4ADB16475744E5D5E57D1C /* Pods-Swift-Salmonia-Swift-SalmoniaUITests.release.xcconfig */ = {isa = PBXFileReference; includeInIndex = 1; lastKnownFileType = text.xcconfig; name = "Pods-Swift-Salmonia-Swift-SalmoniaUITests.release.xcconfig"; path = "Target Support Files/Pods-Swift-Salmonia-Swift-SalmoniaUITests/Pods-Swift-Salmonia-Swift-SalmoniaUITests.release.xcconfig"; sourceTree = "<group>"; };
		6F9314225124683A3C26DE05 /* Pods_Swift_Salmonia.framework */ = {isa = PBXFileReference; explicitFileType = wrapper.framework; includeInIndex = 0; path = Pods_Swift_Salmonia.framework; sourceTree = BUILT_PRODUCTS_DIR; };
		7F56126B33D89177D663F195 /* Pods-Swift-Salmonia.release.xcconfig */ = {isa = PBXFileReference; includeInIndex = 1; lastKnownFileType = text.xcconfig; name = "Pods-Swift-Salmonia.release.xcconfig"; path = "Target Support Files/Pods-Swift-Salmonia/Pods-Swift-Salmonia.release.xcconfig"; sourceTree = "<group>"; };
		A3E44E93D95379A8FB77A009 /* Pods_Swift_Salmonia_Swift_SalmoniaUITests.framework */ = {isa = PBXFileReference; explicitFileType = wrapper.framework; includeInIndex = 0; path = Pods_Swift_Salmonia_Swift_SalmoniaUITests.framework; sourceTree = BUILT_PRODUCTS_DIR; };
		AEEBF4F22298733D1B480722 /* Pods-Swift-Salmonia-Swift-SalmoniaUITests.debug.xcconfig */ = {isa = PBXFileReference; includeInIndex = 1; lastKnownFileType = text.xcconfig; name = "Pods-Swift-Salmonia-Swift-SalmoniaUITests.debug.xcconfig"; path = "Target Support Files/Pods-Swift-Salmonia-Swift-SalmoniaUITests/Pods-Swift-Salmonia-Swift-SalmoniaUITests.debug.xcconfig"; sourceTree = "<group>"; };
		EC4E64552CE20947300582BC /* Pods-Swift-SalmoniaTests.debug.xcconfig */ = {isa = PBXFileReference; includeInIndex = 1; lastKnownFileType = text.xcconfig; name = "Pods-Swift-SalmoniaTests.debug.xcconfig"; path = "Target Support Files/Pods-Swift-SalmoniaTests/Pods-Swift-SalmoniaTests.debug.xcconfig"; sourceTree = "<group>"; };
/* End PBXFileReference section */

/* Begin PBXFrameworksBuildPhase section */
		10B6363B24C662D000A39FD2 /* Frameworks */ = {
			isa = PBXFrameworksBuildPhase;
			buildActionMask = 2147483647;
			files = (
				10505E7524CB655800CF4E04 /* Realm.framework in Frameworks */,
				10B15CC624C6FAA300C1E78A /* SwiftyJSON.framework in Frameworks */,
				10B15CC424C6FAA300C1E78A /* Alamofire.framework in Frameworks */,
				105112A224CEED3000EEC0EF /* CryptoSwift.framework in Frameworks */,
				10505E7324CB655800CF4E04 /* RealmSwift.framework in Frameworks */,
				D7E02E303A1404B92452290A /* Pods_Swift_Salmonia.framework in Frameworks */,
			);
			runOnlyForDeploymentPostprocessing = 0;
		};
		10B6365124C662D200A39FD2 /* Frameworks */ = {
			isa = PBXFrameworksBuildPhase;
			buildActionMask = 2147483647;
			files = (
				C5113F046241D2C1F2018BA4 /* Pods_Swift_SalmoniaTests.framework in Frameworks */,
			);
			runOnlyForDeploymentPostprocessing = 0;
		};
		10B6365C24C662D200A39FD2 /* Frameworks */ = {
			isa = PBXFrameworksBuildPhase;
			buildActionMask = 2147483647;
			files = (
				F2A7D13604AE8290D8D753AA /* Pods_Swift_Salmonia_Swift_SalmoniaUITests.framework in Frameworks */,
			);
			runOnlyForDeploymentPostprocessing = 0;
		};
/* End PBXFrameworksBuildPhase section */

/* Begin PBXGroup section */
		10505E7B24CBDDF100CF4E04 /* Fonts */ = {
			isa = PBXGroup;
			children = (
				10505E7E24CBDE3C00CF4E04 /* RobotoMono-Regular.ttf */,
				1098BCD224D2A884003E95E3 /* Splatfont1.ttf */,
				10505E7C24CBDE2B00CF4E04 /* Splatfont2.ttf */,
			);
			path = Fonts;
			sourceTree = "<group>";
		};
		105112A924CFE43800EEC0EF /* Realm */ = {
			isa = PBXGroup;
			children = (
				10505E6F24CB653800CF4E04 /* Realm.swift */,
				10A0AC1324D7E47300ADD56E /* Extension.swift */,
			);
			path = Realm;
			sourceTree = "<group>";
		};
		105112AE24D0A57F00EEC0EF /* Views */ = {
			isa = PBXGroup;
			children = (
				10D2369324D7DC8100B2E27E /* Component */,
				10D2368A24D7D93500B2E27E /* Parent */,
				1061133124D54C20000771FD /* Model */,
			);
			path = Views;
			sourceTree = "<group>";
		};
		1061133124D54C20000771FD /* Model */ = {
			isa = PBXGroup;
			children = (
			);
			path = Model;
			sourceTree = "<group>";
		};
		1061133824D597C4000771FD /* Coop */ = {
			isa = PBXGroup;
			children = (
				101494E424DC019400F0028B /* formated_future_shifts.json */,
			);
			path = Coop;
			sourceTree = "<group>";
		};
		10A0AC2F24D927C500ADD56E /* SalmonStats */ = {
			isa = PBXGroup;
			children = (
				10A0AC0F24D7E04E00ADD56E /* SalmonStatsView.swift */,
				10A0AC3024D9281C00ADD56E /* SalmonStatsResultsView.swift */,
			);
			path = SalmonStats;
			sourceTree = "<group>";
		};
		10A0AC3624D9414800ADD56E /* Networking */ = {
			isa = PBXGroup;
			children = (
				1047557D24DD799A00AF7180 /* ImageURL.swift */,
				10A0AC2B24D90BB300ADD56E /* SplatNet2.swift */,
				10A0AC2D24D90BC000ADD56E /* SalmonStats.swift */,
			);
			path = Networking;
			sourceTree = "<group>";
		};
		10B15CBE24C6FA0300C1E78A /* Assets */ = {
			isa = PBXGroup;
			children = (
				1061133824D597C4000771FD /* Coop */,
				105112A924CFE43800EEC0EF /* Realm */,
				10505E7B24CBDDF100CF4E04 /* Fonts */,
				10A0AC3624D9414800ADD56E /* Networking */,
				10A0AC2724D804D000ADD56E /* SalmoniaCore.swift */,
				10A0AC2924D8374700ADD56E /* Salmonia.swift */,
				10A0AC3224D93EC000ADD56E /* Error.swift */,
				10A0AC3424D93F2E00ADD56E /* WebView.swift */,
			);
			path = Assets;
			sourceTree = "<group>";
		};
		10B15CC124C6FAA300C1E78A /* Frameworks */ = {
			isa = PBXGroup;
			children = (
				106B14E524CE1B7F0033011A /* CryptoSwift.framework */,
				10505E7224CB655800CF4E04 /* Realm.framework */,
				10505E7124CB655800CF4E04 /* RealmSwift.framework */,
				10B15CC224C6FAA300C1E78A /* Alamofire.framework */,
				10B15CC324C6FAA300C1E78A /* SwiftyJSON.framework */,
				6F9314225124683A3C26DE05 /* Pods_Swift_Salmonia.framework */,
				A3E44E93D95379A8FB77A009 /* Pods_Swift_Salmonia_Swift_SalmoniaUITests.framework */,
				3D6776318790644E82D0B26F /* Pods_Swift_SalmoniaTests.framework */,
			);
			name = Frameworks;
			sourceTree = "<group>";
		};
		10B6363524C662D000A39FD2 = {
			isa = PBXGroup;
			children = (
				10B6364024C662D000A39FD2 /* Swift-Salmonia */,
				10B6365724C662D200A39FD2 /* Swift-SalmoniaTests */,
				10B6366224C662D200A39FD2 /* Swift-SalmoniaUITests */,
				10B6363F24C662D000A39FD2 /* Products */,
				10B15CC124C6FAA300C1E78A /* Frameworks */,
				8DE6A8BE9536CAE9BD459513 /* Pods */,
			);
			sourceTree = "<group>";
		};
		10B6363F24C662D000A39FD2 /* Products */ = {
			isa = PBXGroup;
			children = (
				10B6363E24C662D000A39FD2 /* Salmonia2.app */,
				10B6365424C662D200A39FD2 /* Swift-SalmoniaTests.xctest */,
				10B6365F24C662D200A39FD2 /* Swift-SalmoniaUITests.xctest */,
			);
			name = Products;
			sourceTree = "<group>";
		};
		10B6364024C662D000A39FD2 /* Swift-Salmonia */ = {
			isa = PBXGroup;
			children = (
				10B15CBE24C6FA0300C1E78A /* Assets */,
				105112AE24D0A57F00EEC0EF /* Views */,
				10B6364124C662D000A39FD2 /* AppDelegate.swift */,
				10B6364324C662D000A39FD2 /* SceneDelegate.swift */,
				10B6364524C662D000A39FD2 /* ContentView.swift */,
				10B6364724C662D200A39FD2 /* Assets.xcassets */,
				10B6364C24C662D200A39FD2 /* LaunchScreen.storyboard */,
				10B6364F24C662D200A39FD2 /* Info.plist */,
				10B6364924C662D200A39FD2 /* Preview Content */,
			);
			path = "Swift-Salmonia";
			sourceTree = "<group>";
		};
		10B6364924C662D200A39FD2 /* Preview Content */ = {
			isa = PBXGroup;
			children = (
				10B6364A24C662D200A39FD2 /* Preview Assets.xcassets */,
			);
			path = "Preview Content";
			sourceTree = "<group>";
		};
		10B6365724C662D200A39FD2 /* Swift-SalmoniaTests */ = {
			isa = PBXGroup;
			children = (
				10B6365824C662D200A39FD2 /* Swift_SalmoniaTests.swift */,
				10B6365A24C662D200A39FD2 /* Info.plist */,
			);
			path = "Swift-SalmoniaTests";
			sourceTree = "<group>";
		};
		10B6366224C662D200A39FD2 /* Swift-SalmoniaUITests */ = {
			isa = PBXGroup;
			children = (
				10B6366324C662D200A39FD2 /* Swift_SalmoniaUITests.swift */,
				10B6366524C662D200A39FD2 /* Info.plist */,
			);
			path = "Swift-SalmoniaUITests";
			sourceTree = "<group>";
		};
		10D2368A24D7D93500B2E27E /* Parent */ = {
			isa = PBXGroup;
			children = (
				10A0AC2F24D927C500ADD56E /* SalmonStats */,
				10D2368D24D7DB2900B2E27E /* LoggingThreadView.swift */,
				10D2368F24D7DB3600B2E27E /* SettingView.swift */,
				10D2369124D7DB9700B2E27E /* SalmoniaView.swift */,
				10A0AC1F24D7E8BB00ADD56E /* ShiftStatsView.swift */,
				10A0AC2124D7E8DE00ADD56E /* FutureShiftView.swift */,
				10A0AC0724D7DD5B00ADD56E /* ResultsCollectionView.swift */,
				10A0AC0924D7DDD800ADD56E /* ResultView.swift */,
				10A0AC2524D7EB3700ADD56E /* StageRecordsView.swift */,
				10A0AC2324D7E99700ADD56E /* StageListView.swift */,
			);
			path = Parent;
			sourceTree = "<group>";
		};
		10D2369324D7DC8100B2E27E /* Component */ = {
			isa = PBXGroup;
			children = (
				10D2368B24D7D95500B2E27E /* PlayerView.swift */,
			);
			path = Component;
			sourceTree = "<group>";
		};
		8DE6A8BE9536CAE9BD459513 /* Pods */ = {
			isa = PBXGroup;
			children = (
				0E9A55168B8C5AC47A7E71A7 /* Pods-Swift-Salmonia.debug.xcconfig */,
				7F56126B33D89177D663F195 /* Pods-Swift-Salmonia.release.xcconfig */,
				AEEBF4F22298733D1B480722 /* Pods-Swift-Salmonia-Swift-SalmoniaUITests.debug.xcconfig */,
				4E4ADB16475744E5D5E57D1C /* Pods-Swift-Salmonia-Swift-SalmoniaUITests.release.xcconfig */,
				EC4E64552CE20947300582BC /* Pods-Swift-SalmoniaTests.debug.xcconfig */,
				3F434B997E7E6166C9A0D375 /* Pods-Swift-SalmoniaTests.release.xcconfig */,
			);
			path = Pods;
			sourceTree = "<group>";
		};
/* End PBXGroup section */

/* Begin PBXNativeTarget section */
		10B6363D24C662D000A39FD2 /* Swift-Salmonia */ = {
			isa = PBXNativeTarget;
			buildConfigurationList = 10B6366824C662D200A39FD2 /* Build configuration list for PBXNativeTarget "Swift-Salmonia" */;
			buildPhases = (
				4C091F37389C8751AC438F16 /* [CP] Check Pods Manifest.lock */,
				10B6363A24C662D000A39FD2 /* Sources */,
				10B6363B24C662D000A39FD2 /* Frameworks */,
				10B6363C24C662D000A39FD2 /* Resources */,
				10B15CBD24C6F9C500C1E78A /* ShellScript */,
				B1C72A7B5CBEFDA9F24BE155 /* [CP] Embed Pods Frameworks */,
			);
			buildRules = (
			);
			dependencies = (
			);
			name = "Swift-Salmonia";
			productName = "Swift-Salmonia";
			productReference = 10B6363E24C662D000A39FD2 /* Salmonia2.app */;
			productType = "com.apple.product-type.application";
		};
		10B6365324C662D200A39FD2 /* Swift-SalmoniaTests */ = {
			isa = PBXNativeTarget;
			buildConfigurationList = 10B6366B24C662D200A39FD2 /* Build configuration list for PBXNativeTarget "Swift-SalmoniaTests" */;
			buildPhases = (
				2741EA4ECD16E91223ACC1CC /* [CP] Check Pods Manifest.lock */,
				10B6365024C662D200A39FD2 /* Sources */,
				10B6365124C662D200A39FD2 /* Frameworks */,
				10B6365224C662D200A39FD2 /* Resources */,
			);
			buildRules = (
			);
			dependencies = (
				10B6365624C662D200A39FD2 /* PBXTargetDependency */,
			);
			name = "Swift-SalmoniaTests";
			productName = "Swift-SalmoniaTests";
			productReference = 10B6365424C662D200A39FD2 /* Swift-SalmoniaTests.xctest */;
			productType = "com.apple.product-type.bundle.unit-test";
		};
		10B6365E24C662D200A39FD2 /* Swift-SalmoniaUITests */ = {
			isa = PBXNativeTarget;
			buildConfigurationList = 10B6366E24C662D200A39FD2 /* Build configuration list for PBXNativeTarget "Swift-SalmoniaUITests" */;
			buildPhases = (
				22C648FD24E55ED1BDC12A45 /* [CP] Check Pods Manifest.lock */,
				10B6365B24C662D200A39FD2 /* Sources */,
				10B6365C24C662D200A39FD2 /* Frameworks */,
				10B6365D24C662D200A39FD2 /* Resources */,
				D5D6EF2BADE56F79244BBC31 /* [CP] Embed Pods Frameworks */,
			);
			buildRules = (
			);
			dependencies = (
				10B6366124C662D200A39FD2 /* PBXTargetDependency */,
			);
			name = "Swift-SalmoniaUITests";
			productName = "Swift-SalmoniaUITests";
			productReference = 10B6365F24C662D200A39FD2 /* Swift-SalmoniaUITests.xctest */;
			productType = "com.apple.product-type.bundle.ui-testing";
		};
/* End PBXNativeTarget section */

/* Begin PBXProject section */
		10B6363624C662D000A39FD2 /* Project object */ = {
			isa = PBXProject;
			attributes = {
				LastSwiftUpdateCheck = 1150;
				LastUpgradeCheck = 1150;
				ORGANIZATIONNAME = devonly;
				TargetAttributes = {
					10B6363D24C662D000A39FD2 = {
						CreatedOnToolsVersion = 11.5;
					};
					10B6365324C662D200A39FD2 = {
						CreatedOnToolsVersion = 11.5;
						TestTargetID = 10B6363D24C662D000A39FD2;
					};
					10B6365E24C662D200A39FD2 = {
						CreatedOnToolsVersion = 11.5;
						TestTargetID = 10B6363D24C662D000A39FD2;
					};
				};
			};
			buildConfigurationList = 10B6363924C662D000A39FD2 /* Build configuration list for PBXProject "Swift-Salmonia" */;
			compatibilityVersion = "Xcode 9.3";
			developmentRegion = en;
			hasScannedForEncodings = 0;
			knownRegions = (
				en,
				Base,
			);
			mainGroup = 10B6363524C662D000A39FD2;
			productRefGroup = 10B6363F24C662D000A39FD2 /* Products */;
			projectDirPath = "";
			projectRoot = "";
			targets = (
				10B6363D24C662D000A39FD2 /* Swift-Salmonia */,
				10B6365324C662D200A39FD2 /* Swift-SalmoniaTests */,
				10B6365E24C662D200A39FD2 /* Swift-SalmoniaUITests */,
			);
		};
/* End PBXProject section */

/* Begin PBXResourcesBuildPhase section */
		10B6363C24C662D000A39FD2 /* Resources */ = {
			isa = PBXResourcesBuildPhase;
			buildActionMask = 2147483647;
			files = (
				10B6364E24C662D200A39FD2 /* LaunchScreen.storyboard in Resources */,
				10B6364B24C662D200A39FD2 /* Preview Assets.xcassets in Resources */,
				101494E524DC019400F0028B /* formated_future_shifts.json in Resources */,
				10B6364824C662D200A39FD2 /* Assets.xcassets in Resources */,
				10505E7F24CBDE3C00CF4E04 /* RobotoMono-Regular.ttf in Resources */,
				1098BCD324D2A92B003E95E3 /* Splatfont1.ttf in Resources */,
				10505E7D24CBDE2B00CF4E04 /* Splatfont2.ttf in Resources */,
			);
			runOnlyForDeploymentPostprocessing = 0;
		};
		10B6365224C662D200A39FD2 /* Resources */ = {
			isa = PBXResourcesBuildPhase;
			buildActionMask = 2147483647;
			files = (
			);
			runOnlyForDeploymentPostprocessing = 0;
		};
		10B6365D24C662D200A39FD2 /* Resources */ = {
			isa = PBXResourcesBuildPhase;
			buildActionMask = 2147483647;
			files = (
			);
			runOnlyForDeploymentPostprocessing = 0;
		};
/* End PBXResourcesBuildPhase section */

/* Begin PBXShellScriptBuildPhase section */
		10B15CBD24C6F9C500C1E78A /* ShellScript */ = {
			isa = PBXShellScriptBuildPhase;
			buildActionMask = 2147483647;
			files = (
			);
			inputFileListPaths = (
			);
			inputPaths = (
				"$(SRCROOT)/Carthage/Build/iOS/Alamofire.framework",
				"$(SRCROOT)/Carthage/Build/iOS/SwiftyJSON.framework",
				"$(SRCROOT)/Carthage/Build/iOS/RealmSwift.framework",
				"$(SRCROOT)/Carthage/Build/iOS/Realm.framework",
				"$(SRCROOT)/Carthage/Build/iOS/CryptoSwift.framework",
			);
			outputFileListPaths = (
			);
			outputPaths = (
			);
			runOnlyForDeploymentPostprocessing = 0;
			shellPath = /bin/sh;
			shellScript = "# Type a script or drag a script file from your workspace to insert its path.\n/usr/local/bin/carthage copy-frameworks\n";
		};
		22C648FD24E55ED1BDC12A45 /* [CP] Check Pods Manifest.lock */ = {
			isa = PBXShellScriptBuildPhase;
			buildActionMask = 2147483647;
			files = (
			);
			inputFileListPaths = (
			);
			inputPaths = (
				"${PODS_PODFILE_DIR_PATH}/Podfile.lock",
				"${PODS_ROOT}/Manifest.lock",
			);
			name = "[CP] Check Pods Manifest.lock";
			outputFileListPaths = (
			);
			outputPaths = (
				"$(DERIVED_FILE_DIR)/Pods-Swift-Salmonia-Swift-SalmoniaUITests-checkManifestLockResult.txt",
			);
			runOnlyForDeploymentPostprocessing = 0;
			shellPath = /bin/sh;
			shellScript = "diff \"${PODS_PODFILE_DIR_PATH}/Podfile.lock\" \"${PODS_ROOT}/Manifest.lock\" > /dev/null\nif [ $? != 0 ] ; then\n    # print error to STDERR\n    echo \"error: The sandbox is not in sync with the Podfile.lock. Run 'pod install' or update your CocoaPods installation.\" >&2\n    exit 1\nfi\n# This output is used by Xcode 'outputs' to avoid re-running this script phase.\necho \"SUCCESS\" > \"${SCRIPT_OUTPUT_FILE_0}\"\n";
			showEnvVarsInLog = 0;
		};
		2741EA4ECD16E91223ACC1CC /* [CP] Check Pods Manifest.lock */ = {
			isa = PBXShellScriptBuildPhase;
			buildActionMask = 2147483647;
			files = (
			);
			inputFileListPaths = (
			);
			inputPaths = (
				"${PODS_PODFILE_DIR_PATH}/Podfile.lock",
				"${PODS_ROOT}/Manifest.lock",
			);
			name = "[CP] Check Pods Manifest.lock";
			outputFileListPaths = (
			);
			outputPaths = (
				"$(DERIVED_FILE_DIR)/Pods-Swift-SalmoniaTests-checkManifestLockResult.txt",
			);
			runOnlyForDeploymentPostprocessing = 0;
			shellPath = /bin/sh;
			shellScript = "diff \"${PODS_PODFILE_DIR_PATH}/Podfile.lock\" \"${PODS_ROOT}/Manifest.lock\" > /dev/null\nif [ $? != 0 ] ; then\n    # print error to STDERR\n    echo \"error: The sandbox is not in sync with the Podfile.lock. Run 'pod install' or update your CocoaPods installation.\" >&2\n    exit 1\nfi\n# This output is used by Xcode 'outputs' to avoid re-running this script phase.\necho \"SUCCESS\" > \"${SCRIPT_OUTPUT_FILE_0}\"\n";
			showEnvVarsInLog = 0;
		};
		4C091F37389C8751AC438F16 /* [CP] Check Pods Manifest.lock */ = {
			isa = PBXShellScriptBuildPhase;
			buildActionMask = 2147483647;
			files = (
			);
			inputFileListPaths = (
			);
			inputPaths = (
				"${PODS_PODFILE_DIR_PATH}/Podfile.lock",
				"${PODS_ROOT}/Manifest.lock",
			);
			name = "[CP] Check Pods Manifest.lock";
			outputFileListPaths = (
			);
			outputPaths = (
				"$(DERIVED_FILE_DIR)/Pods-Swift-Salmonia-checkManifestLockResult.txt",
			);
			runOnlyForDeploymentPostprocessing = 0;
			shellPath = /bin/sh;
			shellScript = "diff \"${PODS_PODFILE_DIR_PATH}/Podfile.lock\" \"${PODS_ROOT}/Manifest.lock\" > /dev/null\nif [ $? != 0 ] ; then\n    # print error to STDERR\n    echo \"error: The sandbox is not in sync with the Podfile.lock. Run 'pod install' or update your CocoaPods installation.\" >&2\n    exit 1\nfi\n# This output is used by Xcode 'outputs' to avoid re-running this script phase.\necho \"SUCCESS\" > \"${SCRIPT_OUTPUT_FILE_0}\"\n";
			showEnvVarsInLog = 0;
		};
		B1C72A7B5CBEFDA9F24BE155 /* [CP] Embed Pods Frameworks */ = {
			isa = PBXShellScriptBuildPhase;
			buildActionMask = 2147483647;
			files = (
			);
			inputFileListPaths = (
				"${PODS_ROOT}/Target Support Files/Pods-Swift-Salmonia/Pods-Swift-Salmonia-frameworks-${CONFIGURATION}-input-files.xcfilelist",
			);
			name = "[CP] Embed Pods Frameworks";
			outputFileListPaths = (
				"${PODS_ROOT}/Target Support Files/Pods-Swift-Salmonia/Pods-Swift-Salmonia-frameworks-${CONFIGURATION}-output-files.xcfilelist",
			);
			runOnlyForDeploymentPostprocessing = 0;
			shellPath = /bin/sh;
			shellScript = "\"${PODS_ROOT}/Target Support Files/Pods-Swift-Salmonia/Pods-Swift-Salmonia-frameworks.sh\"\n";
			showEnvVarsInLog = 0;
		};
		D5D6EF2BADE56F79244BBC31 /* [CP] Embed Pods Frameworks */ = {
			isa = PBXShellScriptBuildPhase;
			buildActionMask = 2147483647;
			files = (
			);
			inputFileListPaths = (
				"${PODS_ROOT}/Target Support Files/Pods-Swift-Salmonia-Swift-SalmoniaUITests/Pods-Swift-Salmonia-Swift-SalmoniaUITests-frameworks-${CONFIGURATION}-input-files.xcfilelist",
			);
			name = "[CP] Embed Pods Frameworks";
			outputFileListPaths = (
				"${PODS_ROOT}/Target Support Files/Pods-Swift-Salmonia-Swift-SalmoniaUITests/Pods-Swift-Salmonia-Swift-SalmoniaUITests-frameworks-${CONFIGURATION}-output-files.xcfilelist",
			);
			runOnlyForDeploymentPostprocessing = 0;
			shellPath = /bin/sh;
			shellScript = "\"${PODS_ROOT}/Target Support Files/Pods-Swift-Salmonia-Swift-SalmoniaUITests/Pods-Swift-Salmonia-Swift-SalmoniaUITests-frameworks.sh\"\n";
			showEnvVarsInLog = 0;
		};
/* End PBXShellScriptBuildPhase section */

/* Begin PBXSourcesBuildPhase section */
		10B6363A24C662D000A39FD2 /* Sources */ = {
			isa = PBXSourcesBuildPhase;
			buildActionMask = 2147483647;
			files = (
				10A0AC1424D7E47300ADD56E /* Extension.swift in Sources */,
				10A0AC3524D93F2E00ADD56E /* WebView.swift in Sources */,
				10B6364224C662D000A39FD2 /* AppDelegate.swift in Sources */,
				10A0AC2424D7E99700ADD56E /* StageListView.swift in Sources */,
				10A0AC0A24D7DDD800ADD56E /* ResultView.swift in Sources */,
				1047557E24DD799A00AF7180 /* ImageURL.swift in Sources */,
				10A0AC2224D7E8DE00ADD56E /* FutureShiftView.swift in Sources */,
				10A0AC2824D804D000ADD56E /* SalmoniaCore.swift in Sources */,
				10D2368C24D7D95500B2E27E /* PlayerView.swift in Sources */,
				10D2369224D7DB9700B2E27E /* SalmoniaView.swift in Sources */,
				10D2368E24D7DB2900B2E27E /* LoggingThreadView.swift in Sources */,
				10B6364424C662D000A39FD2 /* SceneDelegate.swift in Sources */,
				10A0AC2624D7EB3700ADD56E /* StageRecordsView.swift in Sources */,
				10B6364624C662D000A39FD2 /* ContentView.swift in Sources */,
				10D2369024D7DB3600B2E27E /* SettingView.swift in Sources */,
				10A0AC2E24D90BC000ADD56E /* SalmonStats.swift in Sources */,
				10A0AC3324D93EC000ADD56E /* Error.swift in Sources */,
				10A0AC2A24D8374700ADD56E /* Salmonia.swift in Sources */,
				10A0AC1024D7E04E00ADD56E /* SalmonStatsView.swift in Sources */,
				10A0AC0824D7DD5B00ADD56E /* ResultsCollectionView.swift in Sources */,
				10505E7024CB653800CF4E04 /* Realm.swift in Sources */,
				10A0AC2C24D90BB300ADD56E /* SplatNet2.swift in Sources */,
				10A0AC2024D7E8BB00ADD56E /* ShiftStatsView.swift in Sources */,
				10A0AC3124D9281C00ADD56E /* SalmonStatsResultsView.swift in Sources */,
			);
			runOnlyForDeploymentPostprocessing = 0;
		};
		10B6365024C662D200A39FD2 /* Sources */ = {
			isa = PBXSourcesBuildPhase;
			buildActionMask = 2147483647;
			files = (
				10B6365924C662D200A39FD2 /* Swift_SalmoniaTests.swift in Sources */,
			);
			runOnlyForDeploymentPostprocessing = 0;
		};
		10B6365B24C662D200A39FD2 /* Sources */ = {
			isa = PBXSourcesBuildPhase;
			buildActionMask = 2147483647;
			files = (
				10B6366424C662D200A39FD2 /* Swift_SalmoniaUITests.swift in Sources */,
			);
			runOnlyForDeploymentPostprocessing = 0;
		};
/* End PBXSourcesBuildPhase section */

/* Begin PBXTargetDependency section */
		10B6365624C662D200A39FD2 /* PBXTargetDependency */ = {
			isa = PBXTargetDependency;
			target = 10B6363D24C662D000A39FD2 /* Swift-Salmonia */;
			targetProxy = 10B6365524C662D200A39FD2 /* PBXContainerItemProxy */;
		};
		10B6366124C662D200A39FD2 /* PBXTargetDependency */ = {
			isa = PBXTargetDependency;
			target = 10B6363D24C662D000A39FD2 /* Swift-Salmonia */;
			targetProxy = 10B6366024C662D200A39FD2 /* PBXContainerItemProxy */;
		};
/* End PBXTargetDependency section */

/* Begin PBXVariantGroup section */
		10B6364C24C662D200A39FD2 /* LaunchScreen.storyboard */ = {
			isa = PBXVariantGroup;
			children = (
				10B6364D24C662D200A39FD2 /* Base */,
			);
			name = LaunchScreen.storyboard;
			sourceTree = "<group>";
		};
/* End PBXVariantGroup section */

/* Begin XCBuildConfiguration section */
		10B6366624C662D200A39FD2 /* Debug */ = {
			isa = XCBuildConfiguration;
			buildSettings = {
				ALWAYS_SEARCH_USER_PATHS = NO;
				CLANG_ANALYZER_NONNULL = YES;
				CLANG_ANALYZER_NUMBER_OBJECT_CONVERSION = YES_AGGRESSIVE;
				CLANG_CXX_LANGUAGE_STANDARD = "gnu++14";
				CLANG_CXX_LIBRARY = "libc++";
				CLANG_ENABLE_MODULES = YES;
				CLANG_ENABLE_OBJC_ARC = YES;
				CLANG_ENABLE_OBJC_WEAK = YES;
				CLANG_WARN_BLOCK_CAPTURE_AUTORELEASING = YES;
				CLANG_WARN_BOOL_CONVERSION = YES;
				CLANG_WARN_COMMA = YES;
				CLANG_WARN_CONSTANT_CONVERSION = YES;
				CLANG_WARN_DEPRECATED_OBJC_IMPLEMENTATIONS = YES;
				CLANG_WARN_DIRECT_OBJC_ISA_USAGE = YES_ERROR;
				CLANG_WARN_DOCUMENTATION_COMMENTS = YES;
				CLANG_WARN_EMPTY_BODY = YES;
				CLANG_WARN_ENUM_CONVERSION = YES;
				CLANG_WARN_INFINITE_RECURSION = YES;
				CLANG_WARN_INT_CONVERSION = YES;
				CLANG_WARN_NON_LITERAL_NULL_CONVERSION = YES;
				CLANG_WARN_OBJC_IMPLICIT_RETAIN_SELF = YES;
				CLANG_WARN_OBJC_LITERAL_CONVERSION = YES;
				CLANG_WARN_OBJC_ROOT_CLASS = YES_ERROR;
				CLANG_WARN_RANGE_LOOP_ANALYSIS = YES;
				CLANG_WARN_STRICT_PROTOTYPES = YES;
				CLANG_WARN_SUSPICIOUS_MOVE = YES;
				CLANG_WARN_UNGUARDED_AVAILABILITY = YES_AGGRESSIVE;
				CLANG_WARN_UNREACHABLE_CODE = YES;
				CLANG_WARN__DUPLICATE_METHOD_MATCH = YES;
				COPY_PHASE_STRIP = NO;
				DEBUG_INFORMATION_FORMAT = dwarf;
				ENABLE_STRICT_OBJC_MSGSEND = YES;
				ENABLE_TESTABILITY = YES;
				GCC_C_LANGUAGE_STANDARD = gnu11;
				GCC_DYNAMIC_NO_PIC = NO;
				GCC_NO_COMMON_BLOCKS = YES;
				GCC_OPTIMIZATION_LEVEL = 0;
				GCC_PREPROCESSOR_DEFINITIONS = (
					"DEBUG=1",
					"$(inherited)",
				);
				GCC_WARN_64_TO_32_BIT_CONVERSION = YES;
				GCC_WARN_ABOUT_RETURN_TYPE = YES_ERROR;
				GCC_WARN_UNDECLARED_SELECTOR = YES;
				GCC_WARN_UNINITIALIZED_AUTOS = YES_AGGRESSIVE;
				GCC_WARN_UNUSED_FUNCTION = YES;
				GCC_WARN_UNUSED_VARIABLE = YES;
				IPHONEOS_DEPLOYMENT_TARGET = 13.0;
				MTL_ENABLE_DEBUG_INFO = INCLUDE_SOURCE;
				MTL_FAST_MATH = YES;
				ONLY_ACTIVE_ARCH = YES;
				SDKROOT = iphoneos;
				SWIFT_ACTIVE_COMPILATION_CONDITIONS = DEBUG;
				SWIFT_OPTIMIZATION_LEVEL = "-Onone";
			};
			name = Debug;
		};
		10B6366724C662D200A39FD2 /* Release */ = {
			isa = XCBuildConfiguration;
			buildSettings = {
				ALWAYS_SEARCH_USER_PATHS = NO;
				CLANG_ANALYZER_NONNULL = YES;
				CLANG_ANALYZER_NUMBER_OBJECT_CONVERSION = YES_AGGRESSIVE;
				CLANG_CXX_LANGUAGE_STANDARD = "gnu++14";
				CLANG_CXX_LIBRARY = "libc++";
				CLANG_ENABLE_MODULES = YES;
				CLANG_ENABLE_OBJC_ARC = YES;
				CLANG_ENABLE_OBJC_WEAK = YES;
				CLANG_WARN_BLOCK_CAPTURE_AUTORELEASING = YES;
				CLANG_WARN_BOOL_CONVERSION = YES;
				CLANG_WARN_COMMA = YES;
				CLANG_WARN_CONSTANT_CONVERSION = YES;
				CLANG_WARN_DEPRECATED_OBJC_IMPLEMENTATIONS = YES;
				CLANG_WARN_DIRECT_OBJC_ISA_USAGE = YES_ERROR;
				CLANG_WARN_DOCUMENTATION_COMMENTS = YES;
				CLANG_WARN_EMPTY_BODY = YES;
				CLANG_WARN_ENUM_CONVERSION = YES;
				CLANG_WARN_INFINITE_RECURSION = YES;
				CLANG_WARN_INT_CONVERSION = YES;
				CLANG_WARN_NON_LITERAL_NULL_CONVERSION = YES;
				CLANG_WARN_OBJC_IMPLICIT_RETAIN_SELF = YES;
				CLANG_WARN_OBJC_LITERAL_CONVERSION = YES;
				CLANG_WARN_OBJC_ROOT_CLASS = YES_ERROR;
				CLANG_WARN_RANGE_LOOP_ANALYSIS = YES;
				CLANG_WARN_STRICT_PROTOTYPES = YES;
				CLANG_WARN_SUSPICIOUS_MOVE = YES;
				CLANG_WARN_UNGUARDED_AVAILABILITY = YES_AGGRESSIVE;
				CLANG_WARN_UNREACHABLE_CODE = YES;
				CLANG_WARN__DUPLICATE_METHOD_MATCH = YES;
				COPY_PHASE_STRIP = NO;
				DEBUG_INFORMATION_FORMAT = "dwarf-with-dsym";
				ENABLE_NS_ASSERTIONS = NO;
				ENABLE_STRICT_OBJC_MSGSEND = YES;
				GCC_C_LANGUAGE_STANDARD = gnu11;
				GCC_NO_COMMON_BLOCKS = YES;
				GCC_WARN_64_TO_32_BIT_CONVERSION = YES;
				GCC_WARN_ABOUT_RETURN_TYPE = YES_ERROR;
				GCC_WARN_UNDECLARED_SELECTOR = YES;
				GCC_WARN_UNINITIALIZED_AUTOS = YES_AGGRESSIVE;
				GCC_WARN_UNUSED_FUNCTION = YES;
				GCC_WARN_UNUSED_VARIABLE = YES;
				IPHONEOS_DEPLOYMENT_TARGET = 13.0;
				MTL_ENABLE_DEBUG_INFO = NO;
				MTL_FAST_MATH = YES;
				SDKROOT = iphoneos;
				SWIFT_COMPILATION_MODE = wholemodule;
				SWIFT_OPTIMIZATION_LEVEL = "-O";
				VALIDATE_PRODUCT = YES;
			};
			name = Release;
		};
		10B6366924C662D200A39FD2 /* Debug */ = {
			isa = XCBuildConfiguration;
			baseConfigurationReference = 0E9A55168B8C5AC47A7E71A7 /* Pods-Swift-Salmonia.debug.xcconfig */;
			buildSettings = {
				ASSETCATALOG_COMPILER_APPICON_NAME = AppIcon;
				CODE_SIGN_IDENTITY = "Apple Development";
				CODE_SIGN_STYLE = Automatic;
				CURRENT_PROJECT_VERSION = 1;
				DEVELOPMENT_ASSET_PATHS = "\"Swift-Salmonia/Preview Content\"";
				DEVELOPMENT_TEAM = D9HU6JZF2Q;
				ENABLE_PREVIEWS = YES;
				FRAMEWORK_SEARCH_PATHS = (
					"$(inherited)",
					"$(PROJECT_DIR)/Carthage/Build/iOS",
				);
				INFOPLIST_FILE = "Swift-Salmonia/Info.plist";
				IPHONEOS_DEPLOYMENT_TARGET = 13.0;
				LD_RUNPATH_SEARCH_PATHS = (
					"$(inherited)",
					"@executable_path/Frameworks",
				);
				MARKETING_VERSION = 2.1.0;
				PRODUCT_BUNDLE_IDENTIFIER = "work.tkgstrator.Swift-Salmonia";
				PRODUCT_NAME = Salmonia2;
				PROVISIONING_PROFILE_SPECIFIER = "";
				SWIFT_VERSION = 5.0;
				TARGETED_DEVICE_FAMILY = "1,2";
			};
			name = Debug;
		};
		10B6366A24C662D200A39FD2 /* Release */ = {
			isa = XCBuildConfiguration;
			baseConfigurationReference = 7F56126B33D89177D663F195 /* Pods-Swift-Salmonia.release.xcconfig */;
			buildSettings = {
				ASSETCATALOG_COMPILER_APPICON_NAME = AppIcon;
				CODE_SIGN_IDENTITY = "Apple Development";
				CODE_SIGN_STYLE = Automatic;
				CURRENT_PROJECT_VERSION = 1;
				DEVELOPMENT_ASSET_PATHS = "\"Swift-Salmonia/Preview Content\"";
				DEVELOPMENT_TEAM = D9HU6JZF2Q;
				ENABLE_PREVIEWS = YES;
				FRAMEWORK_SEARCH_PATHS = (
					"$(inherited)",
					"$(PROJECT_DIR)/Carthage/Build/iOS",
				);
				INFOPLIST_FILE = "Swift-Salmonia/Info.plist";
				IPHONEOS_DEPLOYMENT_TARGET = 13.0;
				LD_RUNPATH_SEARCH_PATHS = (
					"$(inherited)",
					"@executable_path/Frameworks",
				);
				MARKETING_VERSION = 2.1.0;
				PRODUCT_BUNDLE_IDENTIFIER = "work.tkgstrator.Swift-Salmonia";
				PRODUCT_NAME = Salmonia2;
				PROVISIONING_PROFILE_SPECIFIER = "";
				SWIFT_VERSION = 5.0;
				TARGETED_DEVICE_FAMILY = "1,2";
			};
			name = Release;
		};
		10B6366C24C662D200A39FD2 /* Debug */ = {
			isa = XCBuildConfiguration;
			baseConfigurationReference = EC4E64552CE20947300582BC /* Pods-Swift-SalmoniaTests.debug.xcconfig */;
			buildSettings = {
				ALWAYS_EMBED_SWIFT_STANDARD_LIBRARIES = YES;
				BUNDLE_LOADER = "$(TEST_HOST)";
				CODE_SIGN_STYLE = Automatic;
				DEVELOPMENT_TEAM = D9HU6JZF2Q;
				INFOPLIST_FILE = "Swift-SalmoniaTests/Info.plist";
				IPHONEOS_DEPLOYMENT_TARGET = 13.5;
				LD_RUNPATH_SEARCH_PATHS = (
					"$(inherited)",
					"@executable_path/Frameworks",
					"@loader_path/Frameworks",
				);
				PRODUCT_BUNDLE_IDENTIFIER = "work.tkgstrator.Swift-SalmoniaTests";
				PRODUCT_NAME = "$(TARGET_NAME)";
				SWIFT_VERSION = 5.0;
				TARGETED_DEVICE_FAMILY = "1,2";
				TEST_HOST = "$(BUILT_PRODUCTS_DIR)/Swift-Salmonia.app/Swift-Salmonia";
			};
			name = Debug;
		};
		10B6366D24C662D200A39FD2 /* Release */ = {
			isa = XCBuildConfiguration;
			baseConfigurationReference = 3F434B997E7E6166C9A0D375 /* Pods-Swift-SalmoniaTests.release.xcconfig */;
			buildSettings = {
				ALWAYS_EMBED_SWIFT_STANDARD_LIBRARIES = YES;
				BUNDLE_LOADER = "$(TEST_HOST)";
				CODE_SIGN_STYLE = Automatic;
				DEVELOPMENT_TEAM = D9HU6JZF2Q;
				INFOPLIST_FILE = "Swift-SalmoniaTests/Info.plist";
				IPHONEOS_DEPLOYMENT_TARGET = 13.5;
				LD_RUNPATH_SEARCH_PATHS = (
					"$(inherited)",
					"@executable_path/Frameworks",
					"@loader_path/Frameworks",
				);
				PRODUCT_BUNDLE_IDENTIFIER = "work.tkgstrator.Swift-SalmoniaTests";
				PRODUCT_NAME = "$(TARGET_NAME)";
				SWIFT_VERSION = 5.0;
				TARGETED_DEVICE_FAMILY = "1,2";
				TEST_HOST = "$(BUILT_PRODUCTS_DIR)/Swift-Salmonia.app/Swift-Salmonia";
			};
			name = Release;
		};
		10B6366F24C662D200A39FD2 /* Debug */ = {
			isa = XCBuildConfiguration;
			baseConfigurationReference = AEEBF4F22298733D1B480722 /* Pods-Swift-Salmonia-Swift-SalmoniaUITests.debug.xcconfig */;
			buildSettings = {
				ALWAYS_EMBED_SWIFT_STANDARD_LIBRARIES = YES;
				CODE_SIGN_STYLE = Automatic;
				DEVELOPMENT_TEAM = D9HU6JZF2Q;
				INFOPLIST_FILE = "Swift-SalmoniaUITests/Info.plist";
				LD_RUNPATH_SEARCH_PATHS = (
					"$(inherited)",
					"@executable_path/Frameworks",
					"@loader_path/Frameworks",
				);
				PRODUCT_BUNDLE_IDENTIFIER = "work.tkgstrator.Swift-SalmoniaUITests";
				PRODUCT_NAME = "$(TARGET_NAME)";
				SWIFT_VERSION = 5.0;
				TARGETED_DEVICE_FAMILY = "1,2";
				TEST_TARGET_NAME = "Swift-Salmonia";
			};
			name = Debug;
		};
		10B6367024C662D200A39FD2 /* Release */ = {
			isa = XCBuildConfiguration;
			baseConfigurationReference = 4E4ADB16475744E5D5E57D1C /* Pods-Swift-Salmonia-Swift-SalmoniaUITests.release.xcconfig */;
			buildSettings = {
				ALWAYS_EMBED_SWIFT_STANDARD_LIBRARIES = YES;
				CODE_SIGN_STYLE = Automatic;
				DEVELOPMENT_TEAM = D9HU6JZF2Q;
				INFOPLIST_FILE = "Swift-SalmoniaUITests/Info.plist";
				LD_RUNPATH_SEARCH_PATHS = (
					"$(inherited)",
					"@executable_path/Frameworks",
					"@loader_path/Frameworks",
				);
				PRODUCT_BUNDLE_IDENTIFIER = "work.tkgstrator.Swift-SalmoniaUITests";
				PRODUCT_NAME = "$(TARGET_NAME)";
				SWIFT_VERSION = 5.0;
				TARGETED_DEVICE_FAMILY = "1,2";
				TEST_TARGET_NAME = "Swift-Salmonia";
			};
			name = Release;
		};
/* End XCBuildConfiguration section */

/* Begin XCConfigurationList section */
		10B6363924C662D000A39FD2 /* Build configuration list for PBXProject "Swift-Salmonia" */ = {
			isa = XCConfigurationList;
			buildConfigurations = (
				10B6366624C662D200A39FD2 /* Debug */,
				10B6366724C662D200A39FD2 /* Release */,
			);
			defaultConfigurationIsVisible = 0;
			defaultConfigurationName = Release;
		};
		10B6366824C662D200A39FD2 /* Build configuration list for PBXNativeTarget "Swift-Salmonia" */ = {
			isa = XCConfigurationList;
			buildConfigurations = (
				10B6366924C662D200A39FD2 /* Debug */,
				10B6366A24C662D200A39FD2 /* Release */,
			);
			defaultConfigurationIsVisible = 0;
			defaultConfigurationName = Release;
		};
		10B6366B24C662D200A39FD2 /* Build configuration list for PBXNativeTarget "Swift-SalmoniaTests" */ = {
			isa = XCConfigurationList;
			buildConfigurations = (
				10B6366C24C662D200A39FD2 /* Debug */,
				10B6366D24C662D200A39FD2 /* Release */,
			);
			defaultConfigurationIsVisible = 0;
			defaultConfigurationName = Release;
		};
		10B6366E24C662D200A39FD2 /* Build configuration list for PBXNativeTarget "Swift-SalmoniaUITests" */ = {
			isa = XCConfigurationList;
			buildConfigurations = (
				10B6366F24C662D200A39FD2 /* Debug */,
				10B6367024C662D200A39FD2 /* Release */,
			);
			defaultConfigurationIsVisible = 0;
			defaultConfigurationName = Release;
		};
/* End XCConfigurationList section */
	};
	rootObject = 10B6363624C662D000A39FD2 /* Project object */;
}
